// !$*UTF8*$!
{
	archiveVersion = 1;
	classes = {
	};
	objectVersion = 55;
	objects = {

/* Begin PBXBuildFile section */
		76CFA86ADD8A78B244A43E61 /* Pods_Spark_iOS.framework in Frameworks */ = {isa = PBXBuildFile; fileRef = E41C0A73912FEE9D1B2F72ED /* Pods_Spark_iOS.framework */; };
		EBA77239278A2E14002958A5 /* Colors.xcassets in Resources */ = {isa = PBXBuildFile; fileRef = EBA77238278A2E14002958A5 /* Colors.xcassets */; };
		F8096F042784107D00B71D38 /* AppDelegate.swift in Sources */ = {isa = PBXBuildFile; fileRef = F8096F032784107D00B71D38 /* AppDelegate.swift */; };
		F8096F062784107D00B71D38 /* SceneDelegate.swift in Sources */ = {isa = PBXBuildFile; fileRef = F8096F052784107D00B71D38 /* SceneDelegate.swift */; };
		F8096F0B2784107D00B71D38 /* Main.storyboard in Resources */ = {isa = PBXBuildFile; fileRef = F8096F092784107D00B71D38 /* Main.storyboard */; };
		F8096F0D2784107E00B71D38 /* Assets.xcassets in Resources */ = {isa = PBXBuildFile; fileRef = F8096F0C2784107E00B71D38 /* Assets.xcassets */; };
		F8096F102784107E00B71D38 /* LaunchScreen.storyboard in Resources */ = {isa = PBXBuildFile; fileRef = F8096F0E2784107E00B71D38 /* LaunchScreen.storyboard */; };
		F8096F2627841F0900B71D38 /* TempFont.swift in Sources */ = {isa = PBXBuildFile; fileRef = F8096F2527841F0900B71D38 /* TempFont.swift */; };
		F8096F2927841F1E00B71D38 /* Const.swift in Sources */ = {isa = PBXBuildFile; fileRef = F8096F2827841F1E00B71D38 /* Const.swift */; };
		F8096F2B27841F4100B71D38 /* Storyboard.swift in Sources */ = {isa = PBXBuildFile; fileRef = F8096F2A27841F4100B71D38 /* Storyboard.swift */; };
		F8096F3027841F9200B71D38 /* MainVC.swift in Sources */ = {isa = PBXBuildFile; fileRef = F8096F2F27841F9200B71D38 /* MainVC.swift */; };
		F8096F3227841FE100B71D38 /* ViewController.swift in Sources */ = {isa = PBXBuildFile; fileRef = F8096F3127841FE100B71D38 /* ViewController.swift */; };
		F8096F34278420F100B71D38 /* TempView.swift in Sources */ = {isa = PBXBuildFile; fileRef = F8096F33278420F100B71D38 /* TempView.swift */; };
		F8096F36278420FA00B71D38 /* TempProtocol.swift in Sources */ = {isa = PBXBuildFile; fileRef = F8096F35278420FA00B71D38 /* TempProtocol.swift */; };
		F8096F382784210000B71D38 /* TempService.swift in Sources */ = {isa = PBXBuildFile; fileRef = F8096F372784210000B71D38 /* TempService.swift */; };
		F8096F3A2784210A00B71D38 /* TempModel.swift in Sources */ = {isa = PBXBuildFile; fileRef = F8096F392784210A00B71D38 /* TempModel.swift */; };
		F8096F3C2784211D00B71D38 /* UIColor+Extension.swift in Sources */ = {isa = PBXBuildFile; fileRef = F8096F3B2784211D00B71D38 /* UIColor+Extension.swift */; };
		F8096F3E2784213700B71D38 /* UIFont+Extension.swift in Sources */ = {isa = PBXBuildFile; fileRef = F8096F3D2784213700B71D38 /* UIFont+Extension.swift */; };
		F8096F402784214000B71D38 /* TempCell.swift in Sources */ = {isa = PBXBuildFile; fileRef = F8096F3F2784214000B71D38 /* TempCell.swift */; };
		F8096F422784214900B71D38 /* TempAppModel.swift in Sources */ = {isa = PBXBuildFile; fileRef = F8096F412784214900B71D38 /* TempAppModel.swift */; };
		F8096F442784221900B71D38 /* Xib.swift in Sources */ = {isa = PBXBuildFile; fileRef = F8096F432784221900B71D38 /* Xib.swift */; };
		F8096F462784247100B71D38 /* Notification.swift in Sources */ = {isa = PBXBuildFile; fileRef = F8096F452784247100B71D38 /* Notification.swift */; };
/* End PBXBuildFile section */

/* Begin PBXFileReference section */
		3F3E6E986D8C9F3A27A30253 /* Pods-Spark-iOS.release.xcconfig */ = {isa = PBXFileReference; includeInIndex = 1; lastKnownFileType = text.xcconfig; name = "Pods-Spark-iOS.release.xcconfig"; path = "Target Support Files/Pods-Spark-iOS/Pods-Spark-iOS.release.xcconfig"; sourceTree = "<group>"; };
		C35EB7FFC7E2CF05E63983A7 /* Pods-Spark-iOS.debug.xcconfig */ = {isa = PBXFileReference; includeInIndex = 1; lastKnownFileType = text.xcconfig; name = "Pods-Spark-iOS.debug.xcconfig"; path = "Target Support Files/Pods-Spark-iOS/Pods-Spark-iOS.debug.xcconfig"; sourceTree = "<group>"; };
		E41C0A73912FEE9D1B2F72ED /* Pods_Spark_iOS.framework */ = {isa = PBXFileReference; explicitFileType = wrapper.framework; includeInIndex = 0; path = Pods_Spark_iOS.framework; sourceTree = BUILT_PRODUCTS_DIR; };
		EBA77238278A2E14002958A5 /* Colors.xcassets */ = {isa = PBXFileReference; lastKnownFileType = folder.assetcatalog; path = Colors.xcassets; sourceTree = "<group>"; };
		F8096F002784107D00B71D38 /* Spark-iOS.app */ = {isa = PBXFileReference; explicitFileType = wrapper.application; includeInIndex = 0; path = "Spark-iOS.app"; sourceTree = BUILT_PRODUCTS_DIR; };
		F8096F032784107D00B71D38 /* AppDelegate.swift */ = {isa = PBXFileReference; lastKnownFileType = sourcecode.swift; path = AppDelegate.swift; sourceTree = "<group>"; };
		F8096F052784107D00B71D38 /* SceneDelegate.swift */ = {isa = PBXFileReference; lastKnownFileType = sourcecode.swift; path = SceneDelegate.swift; sourceTree = "<group>"; };
		F8096F0A2784107D00B71D38 /* Base */ = {isa = PBXFileReference; lastKnownFileType = file.storyboard; name = Base; path = Base.lproj/Main.storyboard; sourceTree = "<group>"; };
		F8096F0C2784107E00B71D38 /* Assets.xcassets */ = {isa = PBXFileReference; lastKnownFileType = folder.assetcatalog; path = Assets.xcassets; sourceTree = "<group>"; };
		F8096F0F2784107E00B71D38 /* Base */ = {isa = PBXFileReference; lastKnownFileType = file.storyboard; name = Base; path = Base.lproj/LaunchScreen.storyboard; sourceTree = "<group>"; };
		F8096F112784107E00B71D38 /* Info.plist */ = {isa = PBXFileReference; lastKnownFileType = text.plist.xml; path = Info.plist; sourceTree = "<group>"; };
		F8096F2527841F0900B71D38 /* TempFont.swift */ = {isa = PBXFileReference; lastKnownFileType = sourcecode.swift; path = TempFont.swift; sourceTree = "<group>"; };
		F8096F2827841F1E00B71D38 /* Const.swift */ = {isa = PBXFileReference; lastKnownFileType = sourcecode.swift; path = Const.swift; sourceTree = "<group>"; };
		F8096F2A27841F4100B71D38 /* Storyboard.swift */ = {isa = PBXFileReference; lastKnownFileType = sourcecode.swift; path = Storyboard.swift; sourceTree = "<group>"; };
		F8096F2F27841F9200B71D38 /* MainVC.swift */ = {isa = PBXFileReference; lastKnownFileType = sourcecode.swift; path = MainVC.swift; sourceTree = "<group>"; };
		F8096F3127841FE100B71D38 /* ViewController.swift */ = {isa = PBXFileReference; lastKnownFileType = sourcecode.swift; path = ViewController.swift; sourceTree = "<group>"; };
		F8096F33278420F100B71D38 /* TempView.swift */ = {isa = PBXFileReference; lastKnownFileType = sourcecode.swift; path = TempView.swift; sourceTree = "<group>"; };
		F8096F35278420FA00B71D38 /* TempProtocol.swift */ = {isa = PBXFileReference; lastKnownFileType = sourcecode.swift; path = TempProtocol.swift; sourceTree = "<group>"; };
		F8096F372784210000B71D38 /* TempService.swift */ = {isa = PBXFileReference; lastKnownFileType = sourcecode.swift; path = TempService.swift; sourceTree = "<group>"; };
		F8096F392784210A00B71D38 /* TempModel.swift */ = {isa = PBXFileReference; lastKnownFileType = sourcecode.swift; path = TempModel.swift; sourceTree = "<group>"; };
		F8096F3B2784211D00B71D38 /* UIColor+Extension.swift */ = {isa = PBXFileReference; lastKnownFileType = sourcecode.swift; path = "UIColor+Extension.swift"; sourceTree = "<group>"; };
		F8096F3D2784213700B71D38 /* UIFont+Extension.swift */ = {isa = PBXFileReference; lastKnownFileType = sourcecode.swift; path = "UIFont+Extension.swift"; sourceTree = "<group>"; };
		F8096F3F2784214000B71D38 /* TempCell.swift */ = {isa = PBXFileReference; lastKnownFileType = sourcecode.swift; path = TempCell.swift; sourceTree = "<group>"; };
		F8096F412784214900B71D38 /* TempAppModel.swift */ = {isa = PBXFileReference; lastKnownFileType = sourcecode.swift; path = TempAppModel.swift; sourceTree = "<group>"; };
		F8096F432784221900B71D38 /* Xib.swift */ = {isa = PBXFileReference; lastKnownFileType = sourcecode.swift; path = Xib.swift; sourceTree = "<group>"; };
		F8096F452784247100B71D38 /* Notification.swift */ = {isa = PBXFileReference; lastKnownFileType = sourcecode.swift; path = Notification.swift; sourceTree = "<group>"; };
/* End PBXFileReference section */

/* Begin PBXFrameworksBuildPhase section */
		F8096EFD2784107D00B71D38 /* Frameworks */ = {
			isa = PBXFrameworksBuildPhase;
			buildActionMask = 2147483647;
			files = (
				76CFA86ADD8A78B244A43E61 /* Pods_Spark_iOS.framework in Frameworks */,
			);
			runOnlyForDeploymentPostprocessing = 0;
		};
/* End PBXFrameworksBuildPhase section */

/* Begin PBXGroup section */
		98B179D2EEBCF1113A785423 /* Frameworks */ = {
			isa = PBXGroup;
			children = (
				E41C0A73912FEE9D1B2F72ED /* Pods_Spark_iOS.framework */,
			);
			name = Frameworks;
			sourceTree = "<group>";
		};
		B7DC2FA9A4673991E2044C4F /* Pods */ = {
			isa = PBXGroup;
			children = (
				C35EB7FFC7E2CF05E63983A7 /* Pods-Spark-iOS.debug.xcconfig */,
				3F3E6E986D8C9F3A27A30253 /* Pods-Spark-iOS.release.xcconfig */,
			);
			path = Pods;
			sourceTree = "<group>";
		};
		F8096EF72784107D00B71D38 = {
			isa = PBXGroup;
			children = (
				F8096F022784107D00B71D38 /* Spark-iOS */,
				F8096F012784107D00B71D38 /* Products */,
				B7DC2FA9A4673991E2044C4F /* Pods */,
				98B179D2EEBCF1113A785423 /* Frameworks */,
			);
			sourceTree = "<group>";
		};
		F8096F012784107D00B71D38 /* Products */ = {
			isa = PBXGroup;
			children = (
				F8096F002784107D00B71D38 /* Spark-iOS.app */,
			);
			name = Products;
			sourceTree = "<group>";
		};
		F8096F022784107D00B71D38 /* Spark-iOS */ = {
			isa = PBXGroup;
			children = (
				F8096F18278410F600B71D38 /* Source */,
				F8096F17278410E200B71D38 /* Resource */,
			);
			path = "Spark-iOS";
			sourceTree = "<group>";
		};
		F8096F17278410E200B71D38 /* Resource */ = {
			isa = PBXGroup;
			children = (
				F8096F112784107E00B71D38 /* Info.plist */,
				F8096F0C2784107E00B71D38 /* Assets.xcassets */,
				EBA77238278A2E14002958A5 /* Colors.xcassets */,
				F8096F1927841A3100B71D38 /* Constants */,
				F8096F1A27841A3A00B71D38 /* Fonts */,
				F8096F1B27841A3D00B71D38 /* Storyboards */,
			);
			path = Resource;
			sourceTree = "<group>";
		};
		F8096F18278410F600B71D38 /* Source */ = {
			isa = PBXGroup;
			children = (
				F8096F032784107D00B71D38 /* AppDelegate.swift */,
				F8096F052784107D00B71D38 /* SceneDelegate.swift */,
				F8096F1C27841DAE00B71D38 /* AppModels */,
				F8096F2327841DF800B71D38 /* Cells */,
				F8096F2227841DF000B71D38 /* Extensions */,
				F8096F2127841DD600B71D38 /* NetworkModels */,
				F8096F2027841DCC00B71D38 /* NetworkServices */,
				F8096F1F27841DC600B71D38 /* Protocols */,
				F8096F1E27841DC100B71D38 /* ViewControllers */,
				F8096F1D27841DB600B71D38 /* Views */,
			);
			path = Source;
			sourceTree = "<group>";
		};
		F8096F1927841A3100B71D38 /* Constants */ = {
			isa = PBXGroup;
			children = (
				F8096F2827841F1E00B71D38 /* Const.swift */,
				F8096F2A27841F4100B71D38 /* Storyboard.swift */,
				F8096F3127841FE100B71D38 /* ViewController.swift */,
				F8096F432784221900B71D38 /* Xib.swift */,
				F8096F452784247100B71D38 /* Notification.swift */,
			);
			path = Constants;
			sourceTree = "<group>";
		};
		F8096F1A27841A3A00B71D38 /* Fonts */ = {
			isa = PBXGroup;
			children = (
				F8096F2527841F0900B71D38 /* TempFont.swift */,
			);
			path = Fonts;
			sourceTree = "<group>";
		};
		F8096F1B27841A3D00B71D38 /* Storyboards */ = {
			isa = PBXGroup;
			children = (
				F8096F092784107D00B71D38 /* Main.storyboard */,
				F8096F0E2784107E00B71D38 /* LaunchScreen.storyboard */,
			);
			path = Storyboards;
			sourceTree = "<group>";
		};
		F8096F1C27841DAE00B71D38 /* AppModels */ = {
			isa = PBXGroup;
			children = (
				F8096F412784214900B71D38 /* TempAppModel.swift */,
			);
			path = AppModels;
			sourceTree = "<group>";
		};
		F8096F1D27841DB600B71D38 /* Views */ = {
			isa = PBXGroup;
			children = (
				F8096F33278420F100B71D38 /* TempView.swift */,
			);
			path = Views;
			sourceTree = "<group>";
		};
		F8096F1E27841DC100B71D38 /* ViewControllers */ = {
			isa = PBXGroup;
			children = (
				F8096F2F27841F9200B71D38 /* MainVC.swift */,
			);
			path = ViewControllers;
			sourceTree = "<group>";
		};
		F8096F1F27841DC600B71D38 /* Protocols */ = {
			isa = PBXGroup;
			children = (
				F8096F35278420FA00B71D38 /* TempProtocol.swift */,
			);
			path = Protocols;
			sourceTree = "<group>";
		};
		F8096F2027841DCC00B71D38 /* NetworkServices */ = {
			isa = PBXGroup;
			children = (
				F8096F372784210000B71D38 /* TempService.swift */,
			);
			path = NetworkServices;
			sourceTree = "<group>";
		};
		F8096F2127841DD600B71D38 /* NetworkModels */ = {
			isa = PBXGroup;
			children = (
				F8096F392784210A00B71D38 /* TempModel.swift */,
			);
			path = NetworkModels;
			sourceTree = "<group>";
		};
		F8096F2227841DF000B71D38 /* Extensions */ = {
			isa = PBXGroup;
			children = (
				F8096F3B2784211D00B71D38 /* UIColor+Extension.swift */,
				F8096F3D2784213700B71D38 /* UIFont+Extension.swift */,
			);
			path = Extensions;
			sourceTree = "<group>";
		};
		F8096F2327841DF800B71D38 /* Cells */ = {
			isa = PBXGroup;
			children = (
				F8096F3F2784214000B71D38 /* TempCell.swift */,
			);
			path = Cells;
			sourceTree = "<group>";
		};
/* End PBXGroup section */

/* Begin PBXNativeTarget section */
		F8096EFF2784107D00B71D38 /* Spark-iOS */ = {
			isa = PBXNativeTarget;
			buildConfigurationList = F8096F142784107E00B71D38 /* Build configuration list for PBXNativeTarget "Spark-iOS" */;
			buildPhases = (
				1C3B0E5936277E4CE62680B0 /* [CP] Check Pods Manifest.lock */,
				F8096EFC2784107D00B71D38 /* Sources */,
				F8096EFD2784107D00B71D38 /* Frameworks */,
				F8096EFE2784107D00B71D38 /* Resources */,
				0EFE27FE8C1FC53EF72898F8 /* [CP] Embed Pods Frameworks */,
			);
			buildRules = (
			);
			dependencies = (
			);
			name = "Spark-iOS";
			productName = "Spark-iOS";
			productReference = F8096F002784107D00B71D38 /* Spark-iOS.app */;
			productType = "com.apple.product-type.application";
		};
/* End PBXNativeTarget section */

/* Begin PBXProject section */
		F8096EF82784107D00B71D38 /* Project object */ = {
			isa = PBXProject;
			attributes = {
				BuildIndependentTargetsInParallel = 1;
				LastSwiftUpdateCheck = 1320;
				LastUpgradeCheck = 1320;
				TargetAttributes = {
					F8096EFF2784107D00B71D38 = {
						CreatedOnToolsVersion = 13.2.1;
					};
				};
			};
			buildConfigurationList = F8096EFB2784107D00B71D38 /* Build configuration list for PBXProject "Spark-iOS" */;
			compatibilityVersion = "Xcode 13.0";
			developmentRegion = en;
			hasScannedForEncodings = 0;
			knownRegions = (
				en,
				Base,
			);
			mainGroup = F8096EF72784107D00B71D38;
			productRefGroup = F8096F012784107D00B71D38 /* Products */;
			projectDirPath = "";
			projectRoot = "";
			targets = (
				F8096EFF2784107D00B71D38 /* Spark-iOS */,
			);
		};
/* End PBXProject section */

/* Begin PBXResourcesBuildPhase section */
		F8096EFE2784107D00B71D38 /* Resources */ = {
			isa = PBXResourcesBuildPhase;
			buildActionMask = 2147483647;
			files = (
				F8096F102784107E00B71D38 /* LaunchScreen.storyboard in Resources */,
				EBA77239278A2E14002958A5 /* Colors.xcassets in Resources */,
				F8096F0D2784107E00B71D38 /* Assets.xcassets in Resources */,
				F8096F0B2784107D00B71D38 /* Main.storyboard in Resources */,
			);
			runOnlyForDeploymentPostprocessing = 0;
		};
/* End PBXResourcesBuildPhase section */

/* Begin PBXShellScriptBuildPhase section */
		0EFE27FE8C1FC53EF72898F8 /* [CP] Embed Pods Frameworks */ = {
			isa = PBXShellScriptBuildPhase;
			buildActionMask = 2147483647;
			files = (
			);
			inputFileListPaths = (
				"${PODS_ROOT}/Target Support Files/Pods-Spark-iOS/Pods-Spark-iOS-frameworks-${CONFIGURATION}-input-files.xcfilelist",
			);
			name = "[CP] Embed Pods Frameworks";
			outputFileListPaths = (
				"${PODS_ROOT}/Target Support Files/Pods-Spark-iOS/Pods-Spark-iOS-frameworks-${CONFIGURATION}-output-files.xcfilelist",
			);
			runOnlyForDeploymentPostprocessing = 0;
			shellPath = /bin/sh;
			shellScript = "\"${PODS_ROOT}/Target Support Files/Pods-Spark-iOS/Pods-Spark-iOS-frameworks.sh\"\n";
			showEnvVarsInLog = 0;
		};
		1C3B0E5936277E4CE62680B0 /* [CP] Check Pods Manifest.lock */ = {
			isa = PBXShellScriptBuildPhase;
			buildActionMask = 2147483647;
			files = (
			);
			inputFileListPaths = (
			);
			inputPaths = (
				"${PODS_PODFILE_DIR_PATH}/Podfile.lock",
				"${PODS_ROOT}/Manifest.lock",
			);
			name = "[CP] Check Pods Manifest.lock";
			outputFileListPaths = (
			);
			outputPaths = (
				"$(DERIVED_FILE_DIR)/Pods-Spark-iOS-checkManifestLockResult.txt",
			);
			runOnlyForDeploymentPostprocessing = 0;
			shellPath = /bin/sh;
			shellScript = "diff \"${PODS_PODFILE_DIR_PATH}/Podfile.lock\" \"${PODS_ROOT}/Manifest.lock\" > /dev/null\nif [ $? != 0 ] ; then\n    # print error to STDERR\n    echo \"error: The sandbox is not in sync with the Podfile.lock. Run 'pod install' or update your CocoaPods installation.\" >&2\n    exit 1\nfi\n# This output is used by Xcode 'outputs' to avoid re-running this script phase.\necho \"SUCCESS\" > \"${SCRIPT_OUTPUT_FILE_0}\"\n";
			showEnvVarsInLog = 0;
		};
/* End PBXShellScriptBuildPhase section */

/* Begin PBXSourcesBuildPhase section */
		F8096EFC2784107D00B71D38 /* Sources */ = {
			isa = PBXSourcesBuildPhase;
			buildActionMask = 2147483647;
			files = (
				F8096F422784214900B71D38 /* TempAppModel.swift in Sources */,
				F8096F3227841FE100B71D38 /* ViewController.swift in Sources */,
				F8096F042784107D00B71D38 /* AppDelegate.swift in Sources */,
				F8096F3A2784210A00B71D38 /* TempModel.swift in Sources */,
				F8096F3C2784211D00B71D38 /* UIColor+Extension.swift in Sources */,
				F8096F34278420F100B71D38 /* TempView.swift in Sources */,
				F8096F2B27841F4100B71D38 /* Storyboard.swift in Sources */,
				F8096F442784221900B71D38 /* Xib.swift in Sources */,
				F8096F2627841F0900B71D38 /* TempFont.swift in Sources */,
				F8096F402784214000B71D38 /* TempCell.swift in Sources */,
				F8096F36278420FA00B71D38 /* TempProtocol.swift in Sources */,
				F8096F062784107D00B71D38 /* SceneDelegate.swift in Sources */,
				F8096F382784210000B71D38 /* TempService.swift in Sources */,
				F8096F3E2784213700B71D38 /* UIFont+Extension.swift in Sources */,
				F8096F2927841F1E00B71D38 /* Const.swift in Sources */,
				F8096F3027841F9200B71D38 /* MainVC.swift in Sources */,
				F8096F462784247100B71D38 /* Notification.swift in Sources */,
			);
			runOnlyForDeploymentPostprocessing = 0;
		};
/* End PBXSourcesBuildPhase section */

/* Begin PBXVariantGroup section */
		F8096F092784107D00B71D38 /* Main.storyboard */ = {
			isa = PBXVariantGroup;
			children = (
				F8096F0A2784107D00B71D38 /* Base */,
			);
			name = Main.storyboard;
			sourceTree = "<group>";
		};
		F8096F0E2784107E00B71D38 /* LaunchScreen.storyboard */ = {
			isa = PBXVariantGroup;
			children = (
				F8096F0F2784107E00B71D38 /* Base */,
			);
			name = LaunchScreen.storyboard;
			sourceTree = "<group>";
		};
/* End PBXVariantGroup section */

/* Begin XCBuildConfiguration section */
		F8096F122784107E00B71D38 /* Debug */ = {
			isa = XCBuildConfiguration;
			buildSettings = {
				ALWAYS_SEARCH_USER_PATHS = NO;
				CLANG_ANALYZER_NONNULL = YES;
				CLANG_ANALYZER_NUMBER_OBJECT_CONVERSION = YES_AGGRESSIVE;
				CLANG_CXX_LANGUAGE_STANDARD = "gnu++17";
				CLANG_CXX_LIBRARY = "libc++";
				CLANG_ENABLE_MODULES = YES;
				CLANG_ENABLE_OBJC_ARC = YES;
				CLANG_ENABLE_OBJC_WEAK = YES;
				CLANG_WARN_BLOCK_CAPTURE_AUTORELEASING = YES;
				CLANG_WARN_BOOL_CONVERSION = YES;
				CLANG_WARN_COMMA = YES;
				CLANG_WARN_CONSTANT_CONVERSION = YES;
				CLANG_WARN_DEPRECATED_OBJC_IMPLEMENTATIONS = YES;
				CLANG_WARN_DIRECT_OBJC_ISA_USAGE = YES_ERROR;
				CLANG_WARN_DOCUMENTATION_COMMENTS = YES;
				CLANG_WARN_EMPTY_BODY = YES;
				CLANG_WARN_ENUM_CONVERSION = YES;
				CLANG_WARN_INFINITE_RECURSION = YES;
				CLANG_WARN_INT_CONVERSION = YES;
				CLANG_WARN_NON_LITERAL_NULL_CONVERSION = YES;
				CLANG_WARN_OBJC_IMPLICIT_RETAIN_SELF = YES;
				CLANG_WARN_OBJC_LITERAL_CONVERSION = YES;
				CLANG_WARN_OBJC_ROOT_CLASS = YES_ERROR;
				CLANG_WARN_QUOTED_INCLUDE_IN_FRAMEWORK_HEADER = YES;
				CLANG_WARN_RANGE_LOOP_ANALYSIS = YES;
				CLANG_WARN_STRICT_PROTOTYPES = YES;
				CLANG_WARN_SUSPICIOUS_MOVE = YES;
				CLANG_WARN_UNGUARDED_AVAILABILITY = YES_AGGRESSIVE;
				CLANG_WARN_UNREACHABLE_CODE = YES;
				CLANG_WARN__DUPLICATE_METHOD_MATCH = YES;
				COPY_PHASE_STRIP = NO;
				DEBUG_INFORMATION_FORMAT = dwarf;
				ENABLE_STRICT_OBJC_MSGSEND = YES;
				ENABLE_TESTABILITY = YES;
				GCC_C_LANGUAGE_STANDARD = gnu11;
				GCC_DYNAMIC_NO_PIC = NO;
				GCC_NO_COMMON_BLOCKS = YES;
				GCC_OPTIMIZATION_LEVEL = 0;
				GCC_PREPROCESSOR_DEFINITIONS = (
					"DEBUG=1",
					"$(inherited)",
				);
				GCC_WARN_64_TO_32_BIT_CONVERSION = YES;
				GCC_WARN_ABOUT_RETURN_TYPE = YES_ERROR;
				GCC_WARN_UNDECLARED_SELECTOR = YES;
				GCC_WARN_UNINITIALIZED_AUTOS = YES_AGGRESSIVE;
				GCC_WARN_UNUSED_FUNCTION = YES;
				GCC_WARN_UNUSED_VARIABLE = YES;
				IPHONEOS_DEPLOYMENT_TARGET = 15.0;
				MTL_ENABLE_DEBUG_INFO = INCLUDE_SOURCE;
				MTL_FAST_MATH = YES;
				ONLY_ACTIVE_ARCH = YES;
				SDKROOT = iphoneos;
				SWIFT_ACTIVE_COMPILATION_CONDITIONS = DEBUG;
				SWIFT_OPTIMIZATION_LEVEL = "-Onone";
			};
			name = Debug;
		};
		F8096F132784107E00B71D38 /* Release */ = {
			isa = XCBuildConfiguration;
			buildSettings = {
				ALWAYS_SEARCH_USER_PATHS = NO;
				CLANG_ANALYZER_NONNULL = YES;
				CLANG_ANALYZER_NUMBER_OBJECT_CONVERSION = YES_AGGRESSIVE;
				CLANG_CXX_LANGUAGE_STANDARD = "gnu++17";
				CLANG_CXX_LIBRARY = "libc++";
				CLANG_ENABLE_MODULES = YES;
				CLANG_ENABLE_OBJC_ARC = YES;
				CLANG_ENABLE_OBJC_WEAK = YES;
				CLANG_WARN_BLOCK_CAPTURE_AUTORELEASING = YES;
				CLANG_WARN_BOOL_CONVERSION = YES;
				CLANG_WARN_COMMA = YES;
				CLANG_WARN_CONSTANT_CONVERSION = YES;
				CLANG_WARN_DEPRECATED_OBJC_IMPLEMENTATIONS = YES;
				CLANG_WARN_DIRECT_OBJC_ISA_USAGE = YES_ERROR;
				CLANG_WARN_DOCUMENTATION_COMMENTS = YES;
				CLANG_WARN_EMPTY_BODY = YES;
				CLANG_WARN_ENUM_CONVERSION = YES;
				CLANG_WARN_INFINITE_RECURSION = YES;
				CLANG_WARN_INT_CONVERSION = YES;
				CLANG_WARN_NON_LITERAL_NULL_CONVERSION = YES;
				CLANG_WARN_OBJC_IMPLICIT_RETAIN_SELF = YES;
				CLANG_WARN_OBJC_LITERAL_CONVERSION = YES;
				CLANG_WARN_OBJC_ROOT_CLASS = YES_ERROR;
				CLANG_WARN_QUOTED_INCLUDE_IN_FRAMEWORK_HEADER = YES;
				CLANG_WARN_RANGE_LOOP_ANALYSIS = YES;
				CLANG_WARN_STRICT_PROTOTYPES = YES;
				CLANG_WARN_SUSPICIOUS_MOVE = YES;
				CLANG_WARN_UNGUARDED_AVAILABILITY = YES_AGGRESSIVE;
				CLANG_WARN_UNREACHABLE_CODE = YES;
				CLANG_WARN__DUPLICATE_METHOD_MATCH = YES;
				COPY_PHASE_STRIP = NO;
				DEBUG_INFORMATION_FORMAT = "dwarf-with-dsym";
				ENABLE_NS_ASSERTIONS = NO;
				ENABLE_STRICT_OBJC_MSGSEND = YES;
				GCC_C_LANGUAGE_STANDARD = gnu11;
				GCC_NO_COMMON_BLOCKS = YES;
				GCC_WARN_64_TO_32_BIT_CONVERSION = YES;
				GCC_WARN_ABOUT_RETURN_TYPE = YES_ERROR;
				GCC_WARN_UNDECLARED_SELECTOR = YES;
				GCC_WARN_UNINITIALIZED_AUTOS = YES_AGGRESSIVE;
				GCC_WARN_UNUSED_FUNCTION = YES;
				GCC_WARN_UNUSED_VARIABLE = YES;
				IPHONEOS_DEPLOYMENT_TARGET = 15.0;
				MTL_ENABLE_DEBUG_INFO = NO;
				MTL_FAST_MATH = YES;
				SDKROOT = iphoneos;
				SWIFT_COMPILATION_MODE = wholemodule;
				SWIFT_OPTIMIZATION_LEVEL = "-O";
				VALIDATE_PRODUCT = YES;
			};
			name = Release;
		};
		F8096F152784107E00B71D38 /* Debug */ = {
			isa = XCBuildConfiguration;
			baseConfigurationReference = C35EB7FFC7E2CF05E63983A7 /* Pods-Spark-iOS.debug.xcconfig */;
			buildSettings = {
				ASSETCATALOG_COMPILER_APPICON_NAME = AppIcon;
				ASSETCATALOG_COMPILER_GLOBAL_ACCENT_COLOR_NAME = AccentColor;
				CODE_SIGN_STYLE = Automatic;
				CURRENT_PROJECT_VERSION = 1;
				DEVELOPMENT_TEAM = 4QG3GC35LA;
				GENERATE_INFOPLIST_FILE = YES;
				INFOPLIST_FILE = "Spark-iOS/Resource/Info.plist";
				INFOPLIST_KEY_UIApplicationSupportsIndirectInputEvents = YES;
				INFOPLIST_KEY_UILaunchStoryboardName = LaunchScreen;
				INFOPLIST_KEY_UISupportedInterfaceOrientations = UIInterfaceOrientationPortrait;
				INFOPLIST_KEY_UISupportedInterfaceOrientations_iPad = "UIInterfaceOrientationPortrait UIInterfaceOrientationPortraitUpsideDown UIInterfaceOrientationLandscapeLeft UIInterfaceOrientationLandscapeRight";
				INFOPLIST_KEY_UISupportedInterfaceOrientations_iPhone = "UIInterfaceOrientationPortrait UIInterfaceOrientationLandscapeLeft UIInterfaceOrientationLandscapeRight";
				LD_RUNPATH_SEARCH_PATHS = (
					"$(inherited)",
					"@executable_path/Frameworks",
				);
				MARKETING_VERSION = 1.0;
				PRODUCT_BUNDLE_IDENTIFIER = "com.Spark.iOS.Spark-iOS";
				PRODUCT_NAME = "$(TARGET_NAME)";
				SWIFT_EMIT_LOC_STRINGS = YES;
				SWIFT_VERSION = 5.0;
				TARGETED_DEVICE_FAMILY = 1;
			};
			name = Debug;
		};
		F8096F162784107E00B71D38 /* Release */ = {
			isa = XCBuildConfiguration;
			baseConfigurationReference = 3F3E6E986D8C9F3A27A30253 /* Pods-Spark-iOS.release.xcconfig */;
			buildSettings = {
				ASSETCATALOG_COMPILER_APPICON_NAME = AppIcon;
				ASSETCATALOG_COMPILER_GLOBAL_ACCENT_COLOR_NAME = AccentColor;
				CODE_SIGN_STYLE = Automatic;
				CURRENT_PROJECT_VERSION = 1;
				DEVELOPMENT_TEAM = 4QG3GC35LA;
				GENERATE_INFOPLIST_FILE = YES;
				INFOPLIST_FILE = "Spark-iOS/Resource/Info.plist";
				INFOPLIST_KEY_UIApplicationSupportsIndirectInputEvents = YES;
				INFOPLIST_KEY_UILaunchStoryboardName = LaunchScreen;
				INFOPLIST_KEY_UISupportedInterfaceOrientations = UIInterfaceOrientationPortrait;
				INFOPLIST_KEY_UISupportedInterfaceOrientations_iPad = "UIInterfaceOrientationPortrait UIInterfaceOrientationPortraitUpsideDown UIInterfaceOrientationLandscapeLeft UIInterfaceOrientationLandscapeRight";
				INFOPLIST_KEY_UISupportedInterfaceOrientations_iPhone = "UIInterfaceOrientationPortrait UIInterfaceOrientationLandscapeLeft UIInterfaceOrientationLandscapeRight";
				LD_RUNPATH_SEARCH_PATHS = (
					"$(inherited)",
					"@executable_path/Frameworks",
				);
				MARKETING_VERSION = 1.0;
				PRODUCT_BUNDLE_IDENTIFIER = "com.Spark.iOS.Spark-iOS";
				PRODUCT_NAME = "$(TARGET_NAME)";
				SWIFT_EMIT_LOC_STRINGS = YES;
				SWIFT_VERSION = 5.0;
				TARGETED_DEVICE_FAMILY = 1;
			};
			name = Release;
		};
/* End XCBuildConfiguration section */

/* Begin XCConfigurationList section */
		F8096EFB2784107D00B71D38 /* Build configuration list for PBXProject "Spark-iOS" */ = {
			isa = XCConfigurationList;
			buildConfigurations = (
				F8096F122784107E00B71D38 /* Debug */,
				F8096F132784107E00B71D38 /* Release */,
			);
			defaultConfigurationIsVisible = 0;
			defaultConfigurationName = Release;
		};
		F8096F142784107E00B71D38 /* Build configuration list for PBXNativeTarget "Spark-iOS" */ = {
			isa = XCConfigurationList;
			buildConfigurations = (
				F8096F152784107E00B71D38 /* Debug */,
				F8096F162784107E00B71D38 /* Release */,
			);
			defaultConfigurationIsVisible = 0;
			defaultConfigurationName = Release;
		};
/* End XCConfigurationList section */
	};
	rootObject = F8096EF82784107D00B71D38 /* Project object */;
}
