// !$*UTF8*$!
{
	archiveVersion = 1;
	classes = {
	};
	objectVersion = 55;
	objects = {

/* Begin PBXBuildFile section */
		2B69E7E5278E22F4000F927F /* FeedHeaderView.swift in Sources */ = {isa = PBXBuildFile; fileRef = 2B69E7E4278E22F4000F927F /* FeedHeaderView.swift */; };
		2B69E7E7278E28B2000F927F /* FeedCVC.swift in Sources */ = {isa = PBXBuildFile; fileRef = 2B69E7E6278E28B2000F927F /* FeedCVC.swift */; };
		2B9471F9278BE922005484C5 /* NotoSansKR-Bold.otf in Resources */ = {isa = PBXBuildFile; fileRef = 2B9471F6278BE922005484C5 /* NotoSansKR-Bold.otf */; };
		2B9471FA278BE922005484C5 /* NotoSansKR-Medium.otf in Resources */ = {isa = PBXBuildFile; fileRef = 2B9471F7278BE922005484C5 /* NotoSansKR-Medium.otf */; };
		2B9471FB278BE922005484C5 /* NotoSansKR-Regular.otf in Resources */ = {isa = PBXBuildFile; fileRef = 2B9471F8278BE922005484C5 /* NotoSansKR-Regular.otf */; };
		2B947203278CB00E005484C5 /* Futura Medium.otf in Resources */ = {isa = PBXBuildFile; fileRef = 2B947200278CB00E005484C5 /* Futura Medium.otf */; };
		2B947204278CB00E005484C5 /* Futura Medium Italic.otf in Resources */ = {isa = PBXBuildFile; fileRef = 2B947201278CB00E005484C5 /* Futura Medium Italic.otf */; };
		2B947205278CB00E005484C5 /* Futura Bold.otf in Resources */ = {isa = PBXBuildFile; fileRef = 2B947202278CB00E005484C5 /* Futura Bold.otf */; };
		2B9851FD278FCBF400CE40A7 /* UILabel+.swift in Sources */ = {isa = PBXBuildFile; fileRef = 2B9851FC278FCBF400CE40A7 /* UILabel+.swift */; };
		2B9852032790310800CE40A7 /* CreateRoom.storyboard in Resources */ = {isa = PBXBuildFile; fileRef = 2B9852022790310800CE40A7 /* CreateRoom.storyboard */; };
		2B985205279031D000CE40A7 /* CreateRoomVC.swift in Sources */ = {isa = PBXBuildFile; fileRef = 2B985204279031D000CE40A7 /* CreateRoomVC.swift */; };
		2B9852072790984C00CE40A7 /* UIViewController+.swift in Sources */ = {isa = PBXBuildFile; fileRef = 2B9852062790984C00CE40A7 /* UIViewController+.swift */; };
		2B9852092790ACF000CE40A7 /* CreateAuth.storyboard in Resources */ = {isa = PBXBuildFile; fileRef = 2B9852082790ACF000CE40A7 /* CreateAuth.storyboard */; };
		2B98520B2790AD0000CE40A7 /* CreateAuthVC.swift in Sources */ = {isa = PBXBuildFile; fileRef = 2B98520A2790AD0000CE40A7 /* CreateAuthVC.swift */; };
		2B98520E2790AE0000CE40A7 /* PhotoAuthView.swift in Sources */ = {isa = PBXBuildFile; fileRef = 2B98520D2790AE0000CE40A7 /* PhotoAuthView.swift */; };
		2B9852102790AE1500CE40A7 /* TimerAuthView.swift in Sources */ = {isa = PBXBuildFile; fileRef = 2B98520F2790AE1500CE40A7 /* TimerAuthView.swift */; };
		2B9C6BCB279277D600CD914F /* GoalWriting.storyboard in Resources */ = {isa = PBXBuildFile; fileRef = 2B9C6BCA279277D600CD914F /* GoalWriting.storyboard */; };
		2B9C6BCE2792781F00CD914F /* GoalWritingVC.swift in Sources */ = {isa = PBXBuildFile; fileRef = 2B9C6BCD2792781F00CD914F /* GoalWritingVC.swift */; };
		2BC1726D278E8F1000BA3029 /* UIView+.swift in Sources */ = {isa = PBXBuildFile; fileRef = 2BC1726C278E8F1000BA3029 /* UIView+.swift */; };
		2BC17270278F54DB00BA3029 /* WaitingVC.swift in Sources */ = {isa = PBXBuildFile; fileRef = 2BC1726F278F54DB00BA3029 /* WaitingVC.swift */; };
		2BC17274278F56D100BA3029 /* Waiting.storyboard in Resources */ = {isa = PBXBuildFile; fileRef = 2BC17273278F56D100BA3029 /* Waiting.storyboard */; };
		2BC17277278F765C00BA3029 /* WaitingFriendCVC.swift in Sources */ = {isa = PBXBuildFile; fileRef = 2BC17276278F765C00BA3029 /* WaitingFriendCVC.swift */; };
		76CFA86ADD8A78B244A43E61 /* Pods_Spark_iOS.framework in Frameworks */ = {isa = PBXBuildFile; fileRef = E41C0A73912FEE9D1B2F72ED /* Pods_Spark_iOS.framework */; };
		EB625E7B278F271400C43DE9 /* DoingStorageCVC.swift in Sources */ = {isa = PBXBuildFile; fileRef = EB625E79278F271400C43DE9 /* DoingStorageCVC.swift */; };
		EB625E7C278F271400C43DE9 /* DoingStorageCVC.xib in Resources */ = {isa = PBXBuildFile; fileRef = EB625E7A278F271400C43DE9 /* DoingStorageCVC.xib */; };
		EB625E7F278F272300C43DE9 /* DoneStorageCVC.swift in Sources */ = {isa = PBXBuildFile; fileRef = EB625E7D278F272300C43DE9 /* DoneStorageCVC.swift */; };
		EB625E80278F272300C43DE9 /* DoneStorageCVC.xib in Resources */ = {isa = PBXBuildFile; fileRef = EB625E7E278F272300C43DE9 /* DoneStorageCVC.xib */; };
		EB625E83278F273200C43DE9 /* FailStorageCVC.swift in Sources */ = {isa = PBXBuildFile; fileRef = EB625E81278F273200C43DE9 /* FailStorageCVC.swift */; };
		EB625E84278F273200C43DE9 /* FailStorageCVC.xib in Resources */ = {isa = PBXBuildFile; fileRef = EB625E82278F273200C43DE9 /* FailStorageCVC.xib */; };
		EB625E87278F27F000C43DE9 /* StorageListDataModel.swift in Sources */ = {isa = PBXBuildFile; fileRef = EB625E86278F27F000C43DE9 /* StorageListDataModel.swift */; };
		EB625E8A278F29D300C43DE9 /* CarouselLayout.swift in Sources */ = {isa = PBXBuildFile; fileRef = EB625E89278F29D300C43DE9 /* CarouselLayout.swift */; };
		EB625E8F278F8E1900C43DE9 /* StorageMoreListDataModel.swift in Sources */ = {isa = PBXBuildFile; fileRef = EB625E8E278F8E1900C43DE9 /* StorageMoreListDataModel.swift */; };
		EB625E91278F8E3700C43DE9 /* StorageMoreVC.swift in Sources */ = {isa = PBXBuildFile; fileRef = EB625E90278F8E3700C43DE9 /* StorageMoreVC.swift */; };
		EB625E95278F8E7200C43DE9 /* MoreStorageCVC.swift in Sources */ = {isa = PBXBuildFile; fileRef = EB625E93278F8E7200C43DE9 /* MoreStorageCVC.swift */; };
		EB625E96278F8E7200C43DE9 /* MoreStorageCVC.xib in Resources */ = {isa = PBXBuildFile; fileRef = EB625E94278F8E7200C43DE9 /* MoreStorageCVC.xib */; };
		EB625E99278F8EF200C43DE9 /* StorageMore.storyboard in Resources */ = {isa = PBXBuildFile; fileRef = EB625E98278F8EF200C43DE9 /* StorageMore.storyboard */; };
		EB9C507D27922F2E00588155 /* LineAnimationView.swift in Sources */ = {isa = PBXBuildFile; fileRef = EB9C507C27922F2E00588155 /* LineAnimationView.swift */; };
		EBA77239278A2E14002958A5 /* Colors.xcassets in Resources */ = {isa = PBXBuildFile; fileRef = EBA77238278A2E14002958A5 /* Colors.xcassets */; };
		EBA93A7D27907EF9009AE771 /* CodeJoinVC.swift in Sources */ = {isa = PBXBuildFile; fileRef = EBA93A7C27907EF9009AE771 /* CodeJoinVC.swift */; };
		EBA93A7F279080E2009AE771 /* JoinCheckVC.swift in Sources */ = {isa = PBXBuildFile; fileRef = EBA93A7E279080E2009AE771 /* JoinCheckVC.swift */; };
		EBA93A82279082A5009AE771 /* CodeJoin.storyboard in Resources */ = {isa = PBXBuildFile; fileRef = EBA93A81279082A5009AE771 /* CodeJoin.storyboard */; };
		EBA93A84279082B0009AE771 /* JoinCheck.storyboard in Resources */ = {isa = PBXBuildFile; fileRef = EBA93A83279082B0009AE771 /* JoinCheck.storyboard */; };
		F8096F042784107D00B71D38 /* AppDelegate.swift in Sources */ = {isa = PBXBuildFile; fileRef = F8096F032784107D00B71D38 /* AppDelegate.swift */; };
		F8096F062784107D00B71D38 /* SceneDelegate.swift in Sources */ = {isa = PBXBuildFile; fileRef = F8096F052784107D00B71D38 /* SceneDelegate.swift */; };
		F8096F0B2784107D00B71D38 /* Home.storyboard in Resources */ = {isa = PBXBuildFile; fileRef = F8096F092784107D00B71D38 /* Home.storyboard */; };
		F8096F0D2784107E00B71D38 /* Assets.xcassets in Resources */ = {isa = PBXBuildFile; fileRef = F8096F0C2784107E00B71D38 /* Assets.xcassets */; };
		F8096F102784107E00B71D38 /* LaunchScreen.storyboard in Resources */ = {isa = PBXBuildFile; fileRef = F8096F0E2784107E00B71D38 /* LaunchScreen.storyboard */; };
		F8096F2927841F1E00B71D38 /* Const.swift in Sources */ = {isa = PBXBuildFile; fileRef = F8096F2827841F1E00B71D38 /* Const.swift */; };
		F8096F2B27841F4100B71D38 /* Storyboard.swift in Sources */ = {isa = PBXBuildFile; fileRef = F8096F2A27841F4100B71D38 /* Storyboard.swift */; };
		F8096F3027841F9200B71D38 /* HomeVC.swift in Sources */ = {isa = PBXBuildFile; fileRef = F8096F2F27841F9200B71D38 /* HomeVC.swift */; };
		F8096F3227841FE100B71D38 /* ViewController.swift in Sources */ = {isa = PBXBuildFile; fileRef = F8096F3127841FE100B71D38 /* ViewController.swift */; };
		F8096F36278420FA00B71D38 /* TempProtocol.swift in Sources */ = {isa = PBXBuildFile; fileRef = F8096F35278420FA00B71D38 /* TempProtocol.swift */; };
		F8096F382784210000B71D38 /* TempService.swift in Sources */ = {isa = PBXBuildFile; fileRef = F8096F372784210000B71D38 /* TempService.swift */; };
		F8096F3A2784210A00B71D38 /* TempModel.swift in Sources */ = {isa = PBXBuildFile; fileRef = F8096F392784210A00B71D38 /* TempModel.swift */; };
		F8096F3C2784211D00B71D38 /* UIColor+.swift in Sources */ = {isa = PBXBuildFile; fileRef = F8096F3B2784211D00B71D38 /* UIColor+.swift */; };
		F8096F3E2784213700B71D38 /* UIFont+.swift in Sources */ = {isa = PBXBuildFile; fileRef = F8096F3D2784213700B71D38 /* UIFont+.swift */; };
		F8096F442784221900B71D38 /* Xib.swift in Sources */ = {isa = PBXBuildFile; fileRef = F8096F432784221900B71D38 /* Xib.swift */; };
		F8096F462784247100B71D38 /* Notification.swift in Sources */ = {isa = PBXBuildFile; fileRef = F8096F452784247100B71D38 /* Notification.swift */; };
		F80A3E4D278C182100728E07 /* MainTabBar.storyboard in Resources */ = {isa = PBXBuildFile; fileRef = F80A3E4C278C182100728E07 /* MainTabBar.storyboard */; };
		F80A3E4F278C18BA00728E07 /* MainTBC.swift in Sources */ = {isa = PBXBuildFile; fileRef = F80A3E4E278C18BA00728E07 /* MainTBC.swift */; };
		F80A3E51278C1BCE00728E07 /* Feed.storyboard in Resources */ = {isa = PBXBuildFile; fileRef = F80A3E50278C1BCE00728E07 /* Feed.storyboard */; };
		F80A3E53278C1C0C00728E07 /* Storage.storyboard in Resources */ = {isa = PBXBuildFile; fileRef = F80A3E52278C1C0C00728E07 /* Storage.storyboard */; };
		F80A3E55278C1C1F00728E07 /* StorageVC.swift in Sources */ = {isa = PBXBuildFile; fileRef = F80A3E54278C1C1F00728E07 /* StorageVC.swift */; };
		F80A3E57278C1C2700728E07 /* FeedVC.swift in Sources */ = {isa = PBXBuildFile; fileRef = F80A3E56278C1C2700728E07 /* FeedVC.swift */; };
		F816F122278E1C760008ED00 /* Login.storyboard in Resources */ = {isa = PBXBuildFile; fileRef = F816F121278E1C760008ED00 /* Login.storyboard */; };
		F816F125278E1C920008ED00 /* LoginVC.swift in Sources */ = {isa = PBXBuildFile; fileRef = F816F124278E1C920008ED00 /* LoginVC.swift */; };
		F82B2E0B278EBC4400219628 /* UserDefaultsKey.swift in Sources */ = {isa = PBXBuildFile; fileRef = F82B2E0A278EBC4400219628 /* UserDefaultsKey.swift */; };
		F82B2E0E278ED01F00219628 /* Splash.storyboard in Resources */ = {isa = PBXBuildFile; fileRef = F82B2E0D278ED01F00219628 /* Splash.storyboard */; };
		F82B2E12278F54CD00219628 /* SplashVC.swift in Sources */ = {isa = PBXBuildFile; fileRef = F82B2E11278F54CD00219628 /* SplashVC.swift */; };
		F867B6B6278F86610024B1D4 /* UINavigationController+.swift in Sources */ = {isa = PBXBuildFile; fileRef = F867B6B5278F86610024B1D4 /* UINavigationController+.swift */; };
		F8FAA9722790344D00C4190F /* HomeHabitCVC.swift in Sources */ = {isa = PBXBuildFile; fileRef = F8FAA9702790344D00C4190F /* HomeHabitCVC.swift */; };
		F8FAA9732790344D00C4190F /* HomeHabitCVC.xib in Resources */ = {isa = PBXBuildFile; fileRef = F8FAA9712790344D00C4190F /* HomeHabitCVC.xib */; };
		F8FAA9762790346000C4190F /* HomeWaitingCVC.swift in Sources */ = {isa = PBXBuildFile; fileRef = F8FAA9742790346000C4190F /* HomeWaitingCVC.swift */; };
		F8FAA9772790346000C4190F /* HomeWaitingCVC.xib in Resources */ = {isa = PBXBuildFile; fileRef = F8FAA9752790346000C4190F /* HomeWaitingCVC.xib */; };
/* End PBXBuildFile section */

/* Begin PBXFileReference section */
		2B69E7E4278E22F4000F927F /* FeedHeaderView.swift */ = {isa = PBXFileReference; lastKnownFileType = sourcecode.swift; path = FeedHeaderView.swift; sourceTree = "<group>"; };
		2B69E7E6278E28B2000F927F /* FeedCVC.swift */ = {isa = PBXFileReference; lastKnownFileType = sourcecode.swift; path = FeedCVC.swift; sourceTree = "<group>"; };
		2B9471F6278BE922005484C5 /* NotoSansKR-Bold.otf */ = {isa = PBXFileReference; lastKnownFileType = file; path = "NotoSansKR-Bold.otf"; sourceTree = "<group>"; };
		2B9471F7278BE922005484C5 /* NotoSansKR-Medium.otf */ = {isa = PBXFileReference; lastKnownFileType = file; path = "NotoSansKR-Medium.otf"; sourceTree = "<group>"; };
		2B9471F8278BE922005484C5 /* NotoSansKR-Regular.otf */ = {isa = PBXFileReference; lastKnownFileType = file; path = "NotoSansKR-Regular.otf"; sourceTree = "<group>"; };
		2B947200278CB00E005484C5 /* Futura Medium.otf */ = {isa = PBXFileReference; lastKnownFileType = file; path = "Futura Medium.otf"; sourceTree = "<group>"; };
		2B947201278CB00E005484C5 /* Futura Medium Italic.otf */ = {isa = PBXFileReference; lastKnownFileType = file; path = "Futura Medium Italic.otf"; sourceTree = "<group>"; };
		2B947202278CB00E005484C5 /* Futura Bold.otf */ = {isa = PBXFileReference; lastKnownFileType = file; path = "Futura Bold.otf"; sourceTree = "<group>"; };
		2B9851FC278FCBF400CE40A7 /* UILabel+.swift */ = {isa = PBXFileReference; lastKnownFileType = sourcecode.swift; path = "UILabel+.swift"; sourceTree = "<group>"; };
		2B9852022790310800CE40A7 /* CreateRoom.storyboard */ = {isa = PBXFileReference; lastKnownFileType = file.storyboard; path = CreateRoom.storyboard; sourceTree = "<group>"; };
		2B985204279031D000CE40A7 /* CreateRoomVC.swift */ = {isa = PBXFileReference; lastKnownFileType = sourcecode.swift; path = CreateRoomVC.swift; sourceTree = "<group>"; };
		2B9852062790984C00CE40A7 /* UIViewController+.swift */ = {isa = PBXFileReference; lastKnownFileType = sourcecode.swift; path = "UIViewController+.swift"; sourceTree = "<group>"; };
		2B9852082790ACF000CE40A7 /* CreateAuth.storyboard */ = {isa = PBXFileReference; lastKnownFileType = file.storyboard; path = CreateAuth.storyboard; sourceTree = "<group>"; };
		2B98520A2790AD0000CE40A7 /* CreateAuthVC.swift */ = {isa = PBXFileReference; lastKnownFileType = sourcecode.swift; path = CreateAuthVC.swift; sourceTree = "<group>"; };
		2B98520D2790AE0000CE40A7 /* PhotoAuthView.swift */ = {isa = PBXFileReference; lastKnownFileType = sourcecode.swift; path = PhotoAuthView.swift; sourceTree = "<group>"; };
		2B98520F2790AE1500CE40A7 /* TimerAuthView.swift */ = {isa = PBXFileReference; lastKnownFileType = sourcecode.swift; path = TimerAuthView.swift; sourceTree = "<group>"; };
		2B9C6BCA279277D600CD914F /* GoalWriting.storyboard */ = {isa = PBXFileReference; lastKnownFileType = file.storyboard; path = GoalWriting.storyboard; sourceTree = "<group>"; };
		2B9C6BCD2792781F00CD914F /* GoalWritingVC.swift */ = {isa = PBXFileReference; lastKnownFileType = sourcecode.swift; path = GoalWritingVC.swift; sourceTree = "<group>"; };
		2BC1726C278E8F1000BA3029 /* UIView+.swift */ = {isa = PBXFileReference; lastKnownFileType = sourcecode.swift; path = "UIView+.swift"; sourceTree = "<group>"; };
		2BC1726F278F54DB00BA3029 /* WaitingVC.swift */ = {isa = PBXFileReference; lastKnownFileType = sourcecode.swift; path = WaitingVC.swift; sourceTree = "<group>"; };
		2BC17273278F56D100BA3029 /* Waiting.storyboard */ = {isa = PBXFileReference; lastKnownFileType = file.storyboard; path = Waiting.storyboard; sourceTree = "<group>"; };
		2BC17276278F765C00BA3029 /* WaitingFriendCVC.swift */ = {isa = PBXFileReference; lastKnownFileType = sourcecode.swift; path = WaitingFriendCVC.swift; sourceTree = "<group>"; };
		3F3E6E986D8C9F3A27A30253 /* Pods-Spark-iOS.release.xcconfig */ = {isa = PBXFileReference; includeInIndex = 1; lastKnownFileType = text.xcconfig; name = "Pods-Spark-iOS.release.xcconfig"; path = "Target Support Files/Pods-Spark-iOS/Pods-Spark-iOS.release.xcconfig"; sourceTree = "<group>"; };
		C35EB7FFC7E2CF05E63983A7 /* Pods-Spark-iOS.debug.xcconfig */ = {isa = PBXFileReference; includeInIndex = 1; lastKnownFileType = text.xcconfig; name = "Pods-Spark-iOS.debug.xcconfig"; path = "Target Support Files/Pods-Spark-iOS/Pods-Spark-iOS.debug.xcconfig"; sourceTree = "<group>"; };
		E41C0A73912FEE9D1B2F72ED /* Pods_Spark_iOS.framework */ = {isa = PBXFileReference; explicitFileType = wrapper.framework; includeInIndex = 0; path = Pods_Spark_iOS.framework; sourceTree = BUILT_PRODUCTS_DIR; };
		EB625E79278F271400C43DE9 /* DoingStorageCVC.swift */ = {isa = PBXFileReference; lastKnownFileType = sourcecode.swift; path = DoingStorageCVC.swift; sourceTree = "<group>"; };
		EB625E7A278F271400C43DE9 /* DoingStorageCVC.xib */ = {isa = PBXFileReference; lastKnownFileType = file.xib; path = DoingStorageCVC.xib; sourceTree = "<group>"; };
		EB625E7D278F272300C43DE9 /* DoneStorageCVC.swift */ = {isa = PBXFileReference; lastKnownFileType = sourcecode.swift; path = DoneStorageCVC.swift; sourceTree = "<group>"; };
		EB625E7E278F272300C43DE9 /* DoneStorageCVC.xib */ = {isa = PBXFileReference; lastKnownFileType = file.xib; path = DoneStorageCVC.xib; sourceTree = "<group>"; };
		EB625E81278F273200C43DE9 /* FailStorageCVC.swift */ = {isa = PBXFileReference; lastKnownFileType = sourcecode.swift; path = FailStorageCVC.swift; sourceTree = "<group>"; };
		EB625E82278F273200C43DE9 /* FailStorageCVC.xib */ = {isa = PBXFileReference; lastKnownFileType = file.xib; path = FailStorageCVC.xib; sourceTree = "<group>"; };
		EB625E86278F27F000C43DE9 /* StorageListDataModel.swift */ = {isa = PBXFileReference; lastKnownFileType = sourcecode.swift; path = StorageListDataModel.swift; sourceTree = "<group>"; };
		EB625E89278F29D300C43DE9 /* CarouselLayout.swift */ = {isa = PBXFileReference; lastKnownFileType = sourcecode.swift; path = CarouselLayout.swift; sourceTree = "<group>"; };
		EB625E8E278F8E1900C43DE9 /* StorageMoreListDataModel.swift */ = {isa = PBXFileReference; lastKnownFileType = sourcecode.swift; path = StorageMoreListDataModel.swift; sourceTree = "<group>"; };
		EB625E90278F8E3700C43DE9 /* StorageMoreVC.swift */ = {isa = PBXFileReference; lastKnownFileType = sourcecode.swift; path = StorageMoreVC.swift; sourceTree = "<group>"; };
		EB625E93278F8E7200C43DE9 /* MoreStorageCVC.swift */ = {isa = PBXFileReference; lastKnownFileType = sourcecode.swift; path = MoreStorageCVC.swift; sourceTree = "<group>"; };
		EB625E94278F8E7200C43DE9 /* MoreStorageCVC.xib */ = {isa = PBXFileReference; lastKnownFileType = file.xib; path = MoreStorageCVC.xib; sourceTree = "<group>"; };
		EB625E98278F8EF200C43DE9 /* StorageMore.storyboard */ = {isa = PBXFileReference; lastKnownFileType = file.storyboard; path = StorageMore.storyboard; sourceTree = "<group>"; };
		EB9C507C27922F2E00588155 /* LineAnimationView.swift */ = {isa = PBXFileReference; lastKnownFileType = sourcecode.swift; path = LineAnimationView.swift; sourceTree = "<group>"; };
		EBA77238278A2E14002958A5 /* Colors.xcassets */ = {isa = PBXFileReference; lastKnownFileType = folder.assetcatalog; path = Colors.xcassets; sourceTree = "<group>"; };
		EBA93A7C27907EF9009AE771 /* CodeJoinVC.swift */ = {isa = PBXFileReference; lastKnownFileType = sourcecode.swift; path = CodeJoinVC.swift; sourceTree = "<group>"; };
		EBA93A7E279080E2009AE771 /* JoinCheckVC.swift */ = {isa = PBXFileReference; lastKnownFileType = sourcecode.swift; path = JoinCheckVC.swift; sourceTree = "<group>"; };
		EBA93A81279082A5009AE771 /* CodeJoin.storyboard */ = {isa = PBXFileReference; lastKnownFileType = file.storyboard; path = CodeJoin.storyboard; sourceTree = "<group>"; };
		EBA93A83279082B0009AE771 /* JoinCheck.storyboard */ = {isa = PBXFileReference; lastKnownFileType = file.storyboard; path = JoinCheck.storyboard; sourceTree = "<group>"; };
		F8096F002784107D00B71D38 /* Spark-iOS.app */ = {isa = PBXFileReference; explicitFileType = wrapper.application; includeInIndex = 0; path = "Spark-iOS.app"; sourceTree = BUILT_PRODUCTS_DIR; };
		F8096F032784107D00B71D38 /* AppDelegate.swift */ = {isa = PBXFileReference; lastKnownFileType = sourcecode.swift; path = AppDelegate.swift; sourceTree = "<group>"; };
		F8096F052784107D00B71D38 /* SceneDelegate.swift */ = {isa = PBXFileReference; lastKnownFileType = sourcecode.swift; path = SceneDelegate.swift; sourceTree = "<group>"; };
		F8096F0A2784107D00B71D38 /* Base */ = {isa = PBXFileReference; lastKnownFileType = file.storyboard; name = Base; path = Base.lproj/Home.storyboard; sourceTree = "<group>"; };
		F8096F0C2784107E00B71D38 /* Assets.xcassets */ = {isa = PBXFileReference; lastKnownFileType = folder.assetcatalog; path = Assets.xcassets; sourceTree = "<group>"; };
		F8096F0F2784107E00B71D38 /* Base */ = {isa = PBXFileReference; lastKnownFileType = file.storyboard; name = Base; path = Base.lproj/LaunchScreen.storyboard; sourceTree = "<group>"; };
		F8096F112784107E00B71D38 /* Info.plist */ = {isa = PBXFileReference; lastKnownFileType = text.plist.xml; path = Info.plist; sourceTree = "<group>"; };
		F8096F2827841F1E00B71D38 /* Const.swift */ = {isa = PBXFileReference; lastKnownFileType = sourcecode.swift; path = Const.swift; sourceTree = "<group>"; };
		F8096F2A27841F4100B71D38 /* Storyboard.swift */ = {isa = PBXFileReference; lastKnownFileType = sourcecode.swift; path = Storyboard.swift; sourceTree = "<group>"; };
		F8096F2F27841F9200B71D38 /* HomeVC.swift */ = {isa = PBXFileReference; lastKnownFileType = sourcecode.swift; path = HomeVC.swift; sourceTree = "<group>"; };
		F8096F3127841FE100B71D38 /* ViewController.swift */ = {isa = PBXFileReference; lastKnownFileType = sourcecode.swift; path = ViewController.swift; sourceTree = "<group>"; };
		F8096F35278420FA00B71D38 /* TempProtocol.swift */ = {isa = PBXFileReference; lastKnownFileType = sourcecode.swift; path = TempProtocol.swift; sourceTree = "<group>"; };
		F8096F372784210000B71D38 /* TempService.swift */ = {isa = PBXFileReference; lastKnownFileType = sourcecode.swift; path = TempService.swift; sourceTree = "<group>"; };
		F8096F392784210A00B71D38 /* TempModel.swift */ = {isa = PBXFileReference; lastKnownFileType = sourcecode.swift; path = TempModel.swift; sourceTree = "<group>"; };
		F8096F3B2784211D00B71D38 /* UIColor+.swift */ = {isa = PBXFileReference; lastKnownFileType = sourcecode.swift; path = "UIColor+.swift"; sourceTree = "<group>"; };
		F8096F3D2784213700B71D38 /* UIFont+.swift */ = {isa = PBXFileReference; lastKnownFileType = sourcecode.swift; path = "UIFont+.swift"; sourceTree = "<group>"; };
		F8096F432784221900B71D38 /* Xib.swift */ = {isa = PBXFileReference; lastKnownFileType = sourcecode.swift; path = Xib.swift; sourceTree = "<group>"; };
		F8096F452784247100B71D38 /* Notification.swift */ = {isa = PBXFileReference; lastKnownFileType = sourcecode.swift; path = Notification.swift; sourceTree = "<group>"; };
		F80A3E4C278C182100728E07 /* MainTabBar.storyboard */ = {isa = PBXFileReference; lastKnownFileType = file.storyboard; path = MainTabBar.storyboard; sourceTree = "<group>"; };
		F80A3E4E278C18BA00728E07 /* MainTBC.swift */ = {isa = PBXFileReference; lastKnownFileType = sourcecode.swift; path = MainTBC.swift; sourceTree = "<group>"; };
		F80A3E50278C1BCE00728E07 /* Feed.storyboard */ = {isa = PBXFileReference; lastKnownFileType = file.storyboard; path = Feed.storyboard; sourceTree = "<group>"; };
		F80A3E52278C1C0C00728E07 /* Storage.storyboard */ = {isa = PBXFileReference; lastKnownFileType = file.storyboard; path = Storage.storyboard; sourceTree = "<group>"; };
		F80A3E54278C1C1F00728E07 /* StorageVC.swift */ = {isa = PBXFileReference; lastKnownFileType = sourcecode.swift; path = StorageVC.swift; sourceTree = "<group>"; };
		F80A3E56278C1C2700728E07 /* FeedVC.swift */ = {isa = PBXFileReference; lastKnownFileType = sourcecode.swift; path = FeedVC.swift; sourceTree = "<group>"; };
		F816F121278E1C760008ED00 /* Login.storyboard */ = {isa = PBXFileReference; lastKnownFileType = file.storyboard; path = Login.storyboard; sourceTree = "<group>"; };
		F816F124278E1C920008ED00 /* LoginVC.swift */ = {isa = PBXFileReference; lastKnownFileType = sourcecode.swift; path = LoginVC.swift; sourceTree = "<group>"; };
		F82B2E0A278EBC4400219628 /* UserDefaultsKey.swift */ = {isa = PBXFileReference; lastKnownFileType = sourcecode.swift; path = UserDefaultsKey.swift; sourceTree = "<group>"; };
		F82B2E0D278ED01F00219628 /* Splash.storyboard */ = {isa = PBXFileReference; lastKnownFileType = file.storyboard; path = Splash.storyboard; sourceTree = "<group>"; };
		F82B2E11278F54CD00219628 /* SplashVC.swift */ = {isa = PBXFileReference; lastKnownFileType = sourcecode.swift; path = SplashVC.swift; sourceTree = "<group>"; };
		F8368FAA278F5DFF00110B74 /* Spark-iOS.entitlements */ = {isa = PBXFileReference; lastKnownFileType = text.plist.entitlements; path = "Spark-iOS.entitlements"; sourceTree = "<group>"; };
		F867B6B5278F86610024B1D4 /* UINavigationController+.swift */ = {isa = PBXFileReference; lastKnownFileType = sourcecode.swift; path = "UINavigationController+.swift"; sourceTree = "<group>"; };
		F8FAA9702790344D00C4190F /* HomeHabitCVC.swift */ = {isa = PBXFileReference; lastKnownFileType = sourcecode.swift; path = HomeHabitCVC.swift; sourceTree = "<group>"; };
		F8FAA9712790344D00C4190F /* HomeHabitCVC.xib */ = {isa = PBXFileReference; lastKnownFileType = file.xib; path = HomeHabitCVC.xib; sourceTree = "<group>"; };
		F8FAA9742790346000C4190F /* HomeWaitingCVC.swift */ = {isa = PBXFileReference; lastKnownFileType = sourcecode.swift; path = HomeWaitingCVC.swift; sourceTree = "<group>"; };
		F8FAA9752790346000C4190F /* HomeWaitingCVC.xib */ = {isa = PBXFileReference; lastKnownFileType = file.xib; path = HomeWaitingCVC.xib; sourceTree = "<group>"; };
/* End PBXFileReference section */

/* Begin PBXFrameworksBuildPhase section */
		F8096EFD2784107D00B71D38 /* Frameworks */ = {
			isa = PBXFrameworksBuildPhase;
			buildActionMask = 2147483647;
			files = (
				76CFA86ADD8A78B244A43E61 /* Pods_Spark_iOS.framework in Frameworks */,
			);
			runOnlyForDeploymentPostprocessing = 0;
		};
/* End PBXFrameworksBuildPhase section */

/* Begin PBXGroup section */
		2B9851FE27902F2B00CE40A7 /* Create */ = {
			isa = PBXGroup;
			children = (
				2B985204279031D000CE40A7 /* CreateRoomVC.swift */,
				2B98520A2790AD0000CE40A7 /* CreateAuthVC.swift */,
			);
			path = Create;
			sourceTree = "<group>";
		};
		2B98520127902F8900CE40A7 /* Create */ = {
			isa = PBXGroup;
			children = (
				2B9852022790310800CE40A7 /* CreateRoom.storyboard */,
				2B9852082790ACF000CE40A7 /* CreateAuth.storyboard */,
			);
			path = Create;
			sourceTree = "<group>";
		};
		2B98520C2790ADDC00CE40A7 /* CreateAuth */ = {
			isa = PBXGroup;
			children = (
				2B98520D2790AE0000CE40A7 /* PhotoAuthView.swift */,
				2B98520F2790AE1500CE40A7 /* TimerAuthView.swift */,
			);
			path = CreateAuth;
			sourceTree = "<group>";
		};
		2B9C6BC72792777900CD914F /* GoalWriting */ = {
			isa = PBXGroup;
			children = (
				2B9C6BCA279277D600CD914F /* GoalWriting.storyboard */,
			);
			path = GoalWriting;
			sourceTree = "<group>";
		};
		2B9C6BCC279277F500CD914F /* GoalWriting */ = {
			isa = PBXGroup;
			children = (
				2B9C6BCD2792781F00CD914F /* GoalWritingVC.swift */,
			);
			path = GoalWriting;
			sourceTree = "<group>";
		};
		2BC1726E278F54B300BA3029 /* Waiting */ = {
			isa = PBXGroup;
			children = (
				2BC1726F278F54DB00BA3029 /* WaitingVC.swift */,
			);
			path = Waiting;
			sourceTree = "<group>";
		};
		2BC17271278F551F00BA3029 /* Feed */ = {
			isa = PBXGroup;
			children = (
				2B69E7E4278E22F4000F927F /* FeedHeaderView.swift */,
				2B69E7E6278E28B2000F927F /* FeedCVC.swift */,
			);
			path = Feed;
			sourceTree = "<group>";
		};
		2BC17272278F56BA00BA3029 /* Waiting */ = {
			isa = PBXGroup;
			children = (
				2BC17273278F56D100BA3029 /* Waiting.storyboard */,
			);
			path = Waiting;
			sourceTree = "<group>";
		};
		2BC17275278F763600BA3029 /* Waiting */ = {
			isa = PBXGroup;
			children = (
				2BC17276278F765C00BA3029 /* WaitingFriendCVC.swift */,
			);
			path = Waiting;
			sourceTree = "<group>";
		};
		98B179D2EEBCF1113A785423 /* Frameworks */ = {
			isa = PBXGroup;
			children = (
				E41C0A73912FEE9D1B2F72ED /* Pods_Spark_iOS.framework */,
			);
			name = Frameworks;
			sourceTree = "<group>";
		};
		B7DC2FA9A4673991E2044C4F /* Pods */ = {
			isa = PBXGroup;
			children = (
				C35EB7FFC7E2CF05E63983A7 /* Pods-Spark-iOS.debug.xcconfig */,
				3F3E6E986D8C9F3A27A30253 /* Pods-Spark-iOS.release.xcconfig */,
			);
			path = Pods;
			sourceTree = "<group>";
		};
		EB625E68278ECF6E00C43DE9 /* Storage */ = {
			isa = PBXGroup;
			children = (
				EB625E79278F271400C43DE9 /* DoingStorageCVC.swift */,
				EB625E7A278F271400C43DE9 /* DoingStorageCVC.xib */,
				EB625E7D278F272300C43DE9 /* DoneStorageCVC.swift */,
				EB625E7E278F272300C43DE9 /* DoneStorageCVC.xib */,
				EB625E81278F273200C43DE9 /* FailStorageCVC.swift */,
				EB625E82278F273200C43DE9 /* FailStorageCVC.xib */,
			);
			path = Storage;
			sourceTree = "<group>";
		};
		EB625E85278F27C300C43DE9 /* StorageList */ = {
			isa = PBXGroup;
			children = (
				EB625E86278F27F000C43DE9 /* StorageListDataModel.swift */,
				EB625E8E278F8E1900C43DE9 /* StorageMoreListDataModel.swift */,
			);
			path = StorageList;
			sourceTree = "<group>";
		};
		EB625E88278F29B500C43DE9 /* Classes */ = {
			isa = PBXGroup;
			children = (
				EB625E89278F29D300C43DE9 /* CarouselLayout.swift */,
				EB9C507C27922F2E00588155 /* LineAnimationView.swift */,
			);
			path = Classes;
			sourceTree = "<group>";
		};
		EB625E8B278F8D5400C43DE9 /* StorageMore */ = {
			isa = PBXGroup;
			children = (
				EB625E90278F8E3700C43DE9 /* StorageMoreVC.swift */,
			);
			path = StorageMore;
			sourceTree = "<group>";
		};
		EB625E92278F8E4700C43DE9 /* StorageMore */ = {
			isa = PBXGroup;
			children = (
				EB625E93278F8E7200C43DE9 /* MoreStorageCVC.swift */,
				EB625E94278F8E7200C43DE9 /* MoreStorageCVC.xib */,
			);
			path = StorageMore;
			sourceTree = "<group>";
		};
		EB625E97278F8ED200C43DE9 /* StorageMore */ = {
			isa = PBXGroup;
			children = (
				EB625E98278F8EF200C43DE9 /* StorageMore.storyboard */,
			);
			path = StorageMore;
			sourceTree = "<group>";
		};
		EB625E9A2790792F00C43DE9 /* CodeJoin */ = {
			isa = PBXGroup;
			children = (
				EBA93A7C27907EF9009AE771 /* CodeJoinVC.swift */,
				EBA93A7E279080E2009AE771 /* JoinCheckVC.swift */,
			);
			path = CodeJoin;
			sourceTree = "<group>";
		};
		EBA93A80279080FC009AE771 /* CodeJoin */ = {
			isa = PBXGroup;
			children = (
				EBA93A81279082A5009AE771 /* CodeJoin.storyboard */,
				EBA93A83279082B0009AE771 /* JoinCheck.storyboard */,
			);
			path = CodeJoin;
			sourceTree = "<group>";
		};
		F8096EF72784107D00B71D38 = {
			isa = PBXGroup;
			children = (
				F8096F022784107D00B71D38 /* Spark-iOS */,
				F8096F012784107D00B71D38 /* Products */,
				B7DC2FA9A4673991E2044C4F /* Pods */,
				98B179D2EEBCF1113A785423 /* Frameworks */,
			);
			sourceTree = "<group>";
		};
		F8096F012784107D00B71D38 /* Products */ = {
			isa = PBXGroup;
			children = (
				F8096F002784107D00B71D38 /* Spark-iOS.app */,
			);
			name = Products;
			sourceTree = "<group>";
		};
		F8096F022784107D00B71D38 /* Spark-iOS */ = {
			isa = PBXGroup;
			children = (
				F8368FAA278F5DFF00110B74 /* Spark-iOS.entitlements */,
				F8096F18278410F600B71D38 /* Source */,
				F8096F17278410E200B71D38 /* Resource */,
			);
			path = "Spark-iOS";
			sourceTree = "<group>";
		};
		F8096F17278410E200B71D38 /* Resource */ = {
			isa = PBXGroup;
			children = (
				F8096F112784107E00B71D38 /* Info.plist */,
				F8096F0C2784107E00B71D38 /* Assets.xcassets */,
				EBA77238278A2E14002958A5 /* Colors.xcassets */,
				F8096F1927841A3100B71D38 /* Constants */,
				F8096F1A27841A3A00B71D38 /* Fonts */,
				F8096F1B27841A3D00B71D38 /* Storyboards */,
			);
			path = Resource;
			sourceTree = "<group>";
		};
		F8096F18278410F600B71D38 /* Source */ = {
			isa = PBXGroup;
			children = (
				F8096F032784107D00B71D38 /* AppDelegate.swift */,
				F8096F052784107D00B71D38 /* SceneDelegate.swift */,
				F8096F1C27841DAE00B71D38 /* AppModels */,
				F8096F2327841DF800B71D38 /* Cells */,
				EB625E88278F29B500C43DE9 /* Classes */,
				F8096F2227841DF000B71D38 /* Extensions */,
				F8096F2127841DD600B71D38 /* NetworkModels */,
				F8096F2027841DCC00B71D38 /* NetworkServices */,
				F8096F1F27841DC600B71D38 /* Protocols */,
				F8096F1E27841DC100B71D38 /* ViewControllers */,
				F8096F1D27841DB600B71D38 /* Views */,
			);
			path = Source;
			sourceTree = "<group>";
		};
		F8096F1927841A3100B71D38 /* Constants */ = {
			isa = PBXGroup;
			children = (
				F8096F2827841F1E00B71D38 /* Const.swift */,
				F8096F2A27841F4100B71D38 /* Storyboard.swift */,
				F8096F3127841FE100B71D38 /* ViewController.swift */,
				F8096F432784221900B71D38 /* Xib.swift */,
				F8096F452784247100B71D38 /* Notification.swift */,
				F82B2E0A278EBC4400219628 /* UserDefaultsKey.swift */,
			);
			path = Constants;
			sourceTree = "<group>";
		};
		F8096F1A27841A3A00B71D38 /* Fonts */ = {
			isa = PBXGroup;
			children = (
				2B947202278CB00E005484C5 /* Futura Bold.otf */,
				2B947201278CB00E005484C5 /* Futura Medium Italic.otf */,
				2B947200278CB00E005484C5 /* Futura Medium.otf */,
				2B9471F6278BE922005484C5 /* NotoSansKR-Bold.otf */,
				2B9471F7278BE922005484C5 /* NotoSansKR-Medium.otf */,
				2B9471F8278BE922005484C5 /* NotoSansKR-Regular.otf */,
			);
			path = Fonts;
			sourceTree = "<group>";
		};
		F8096F1B27841A3D00B71D38 /* Storyboards */ = {
			isa = PBXGroup;
			children = (
				F8096F0E2784107E00B71D38 /* LaunchScreen.storyboard */,
				F82B2E0F278F54B000219628 /* Splash */,
				F816F120278E1C550008ED00 /* Login */,
				F80A3E59278C239F00728E07 /* TabBar */,
				EB625E97278F8ED200C43DE9 /* StorageMore */,
				2BC17272278F56BA00BA3029 /* Waiting */,
				2B98520127902F8900CE40A7 /* Create */,
				EBA93A80279080FC009AE771 /* CodeJoin */,
				2B9C6BC72792777900CD914F /* GoalWriting */,
			);
			path = Storyboards;
			sourceTree = "<group>";
		};
		F8096F1C27841DAE00B71D38 /* AppModels */ = {
			isa = PBXGroup;
			children = (
				EB625E85278F27C300C43DE9 /* StorageList */,
			);
			path = AppModels;
			sourceTree = "<group>";
		};
		F8096F1D27841DB600B71D38 /* Views */ = {
			isa = PBXGroup;
			children = (
				2B98520C2790ADDC00CE40A7 /* CreateAuth */,
			);
			path = Views;
			sourceTree = "<group>";
		};
		F8096F1E27841DC100B71D38 /* ViewControllers */ = {
			isa = PBXGroup;
			children = (
				F82B2E10278F54C200219628 /* Splash */,
				F816F123278E1C800008ED00 /* Login */,
				2BC1726E278F54B300BA3029 /* Waiting */,
				2B9851FE27902F2B00CE40A7 /* Create */,
				F80A3E58278C22BA00728E07 /* TabBar */,
				EB625E8B278F8D5400C43DE9 /* StorageMore */,
				EB625E9A2790792F00C43DE9 /* CodeJoin */,
				2B9C6BCC279277F500CD914F /* GoalWriting */,
			);
			path = ViewControllers;
			sourceTree = "<group>";
		};
		F8096F1F27841DC600B71D38 /* Protocols */ = {
			isa = PBXGroup;
			children = (
				F8096F35278420FA00B71D38 /* TempProtocol.swift */,
			);
			path = Protocols;
			sourceTree = "<group>";
		};
		F8096F2027841DCC00B71D38 /* NetworkServices */ = {
			isa = PBXGroup;
			children = (
				F8096F372784210000B71D38 /* TempService.swift */,
			);
			path = NetworkServices;
			sourceTree = "<group>";
		};
		F8096F2127841DD600B71D38 /* NetworkModels */ = {
			isa = PBXGroup;
			children = (
				F8096F392784210A00B71D38 /* TempModel.swift */,
			);
			path = NetworkModels;
			sourceTree = "<group>";
		};
		F8096F2227841DF000B71D38 /* Extensions */ = {
			isa = PBXGroup;
			children = (
				F8096F3B2784211D00B71D38 /* UIColor+.swift */,
				F8096F3D2784213700B71D38 /* UIFont+.swift */,
				2BC1726C278E8F1000BA3029 /* UIView+.swift */,
				F867B6B5278F86610024B1D4 /* UINavigationController+.swift */,
				2B9851FC278FCBF400CE40A7 /* UILabel+.swift */,
				2B9852062790984C00CE40A7 /* UIViewController+.swift */,
			);
			path = Extensions;
			sourceTree = "<group>";
		};
		F8096F2327841DF800B71D38 /* Cells */ = {
			isa = PBXGroup;
			children = (
				F8FAA96B2790336E00C4190F /* Home */,
				2BC17275278F763600BA3029 /* Waiting */,
				2BC17271278F551F00BA3029 /* Feed */,
				EB625E68278ECF6E00C43DE9 /* Storage */,
				EB625E92278F8E4700C43DE9 /* StorageMore */,
			);
			path = Cells;
			sourceTree = "<group>";
		};
		F80A3E58278C22BA00728E07 /* TabBar */ = {
			isa = PBXGroup;
			children = (
				F80A3E4E278C18BA00728E07 /* MainTBC.swift */,
				F8096F2F27841F9200B71D38 /* HomeVC.swift */,
				F80A3E54278C1C1F00728E07 /* StorageVC.swift */,
				F80A3E56278C1C2700728E07 /* FeedVC.swift */,
			);
			path = TabBar;
			sourceTree = "<group>";
		};
		F80A3E59278C239F00728E07 /* TabBar */ = {
			isa = PBXGroup;
			children = (
				F80A3E4C278C182100728E07 /* MainTabBar.storyboard */,
				F80A3E50278C1BCE00728E07 /* Feed.storyboard */,
				F8096F092784107D00B71D38 /* Home.storyboard */,
				F80A3E52278C1C0C00728E07 /* Storage.storyboard */,
			);
			path = TabBar;
			sourceTree = "<group>";
		};
		F816F120278E1C550008ED00 /* Login */ = {
			isa = PBXGroup;
			children = (
				F816F121278E1C760008ED00 /* Login.storyboard */,
			);
			path = Login;
			sourceTree = "<group>";
		};
		F816F123278E1C800008ED00 /* Login */ = {
			isa = PBXGroup;
			children = (
				F816F124278E1C920008ED00 /* LoginVC.swift */,
			);
			path = Login;
			sourceTree = "<group>";
		};
		F82B2E0F278F54B000219628 /* Splash */ = {
			isa = PBXGroup;
			children = (
				F82B2E0D278ED01F00219628 /* Splash.storyboard */,
			);
			path = Splash;
			sourceTree = "<group>";
		};
		F82B2E10278F54C200219628 /* Splash */ = {
			isa = PBXGroup;
			children = (
				F82B2E11278F54CD00219628 /* SplashVC.swift */,
			);
			path = Splash;
			sourceTree = "<group>";
		};
		F8FAA96B2790336E00C4190F /* Home */ = {
			isa = PBXGroup;
			children = (
				F8FAA9702790344D00C4190F /* HomeHabitCVC.swift */,
				F8FAA9712790344D00C4190F /* HomeHabitCVC.xib */,
				F8FAA9742790346000C4190F /* HomeWaitingCVC.swift */,
				F8FAA9752790346000C4190F /* HomeWaitingCVC.xib */,
			);
			path = Home;
			sourceTree = "<group>";
		};
/* End PBXGroup section */

/* Begin PBXNativeTarget section */
		F8096EFF2784107D00B71D38 /* Spark-iOS */ = {
			isa = PBXNativeTarget;
			buildConfigurationList = F8096F142784107E00B71D38 /* Build configuration list for PBXNativeTarget "Spark-iOS" */;
			buildPhases = (
				1C3B0E5936277E4CE62680B0 /* [CP] Check Pods Manifest.lock */,
				F8096EFC2784107D00B71D38 /* Sources */,
				F8096EFD2784107D00B71D38 /* Frameworks */,
				F8096EFE2784107D00B71D38 /* Resources */,
				0EFE27FE8C1FC53EF72898F8 /* [CP] Embed Pods Frameworks */,
			);
			buildRules = (
			);
			dependencies = (
			);
			name = "Spark-iOS";
			productName = "Spark-iOS";
			productReference = F8096F002784107D00B71D38 /* Spark-iOS.app */;
			productType = "com.apple.product-type.application";
		};
/* End PBXNativeTarget section */

/* Begin PBXProject section */
		F8096EF82784107D00B71D38 /* Project object */ = {
			isa = PBXProject;
			attributes = {
				BuildIndependentTargetsInParallel = 1;
				LastSwiftUpdateCheck = 1320;
				LastUpgradeCheck = 1320;
				TargetAttributes = {
					F8096EFF2784107D00B71D38 = {
						CreatedOnToolsVersion = 13.2.1;
					};
				};
			};
			buildConfigurationList = F8096EFB2784107D00B71D38 /* Build configuration list for PBXProject "Spark-iOS" */;
			compatibilityVersion = "Xcode 13.0";
			developmentRegion = en;
			hasScannedForEncodings = 0;
			knownRegions = (
				en,
				Base,
			);
			mainGroup = F8096EF72784107D00B71D38;
			productRefGroup = F8096F012784107D00B71D38 /* Products */;
			projectDirPath = "";
			projectRoot = "";
			targets = (
				F8096EFF2784107D00B71D38 /* Spark-iOS */,
			);
		};
/* End PBXProject section */

/* Begin PBXResourcesBuildPhase section */
		F8096EFE2784107D00B71D38 /* Resources */ = {
			isa = PBXResourcesBuildPhase;
			buildActionMask = 2147483647;
			files = (
				EB625E84278F273200C43DE9 /* FailStorageCVC.xib in Resources */,
				2B9852092790ACF000CE40A7 /* CreateAuth.storyboard in Resources */,
				F80A3E4D278C182100728E07 /* MainTabBar.storyboard in Resources */,
				EB625E96278F8E7200C43DE9 /* MoreStorageCVC.xib in Resources */,
				F8096F102784107E00B71D38 /* LaunchScreen.storyboard in Resources */,
				F816F122278E1C760008ED00 /* Login.storyboard in Resources */,
				EBA93A82279082A5009AE771 /* CodeJoin.storyboard in Resources */,
				2B9471F9278BE922005484C5 /* NotoSansKR-Bold.otf in Resources */,
				2B9471FA278BE922005484C5 /* NotoSansKR-Medium.otf in Resources */,
				2B9471FB278BE922005484C5 /* NotoSansKR-Regular.otf in Resources */,
				EBA77239278A2E14002958A5 /* Colors.xcassets in Resources */,
				2BC17274278F56D100BA3029 /* Waiting.storyboard in Resources */,
				2B947204278CB00E005484C5 /* Futura Medium Italic.otf in Resources */,
				2B9C6BCB279277D600CD914F /* GoalWriting.storyboard in Resources */,
				F82B2E0E278ED01F00219628 /* Splash.storyboard in Resources */,
				F80A3E51278C1BCE00728E07 /* Feed.storyboard in Resources */,
				F8FAA9772790346000C4190F /* HomeWaitingCVC.xib in Resources */,
				EBA93A84279082B0009AE771 /* JoinCheck.storyboard in Resources */,
				2B947203278CB00E005484C5 /* Futura Medium.otf in Resources */,
				2B9852032790310800CE40A7 /* CreateRoom.storyboard in Resources */,
				F80A3E53278C1C0C00728E07 /* Storage.storyboard in Resources */,
				EB625E7C278F271400C43DE9 /* DoingStorageCVC.xib in Resources */,
				F8096F0D2784107E00B71D38 /* Assets.xcassets in Resources */,
				2B947205278CB00E005484C5 /* Futura Bold.otf in Resources */,
				EB625E99278F8EF200C43DE9 /* StorageMore.storyboard in Resources */,
				EB625E80278F272300C43DE9 /* DoneStorageCVC.xib in Resources */,
				F8FAA9732790344D00C4190F /* HomeHabitCVC.xib in Resources */,
				F8096F0B2784107D00B71D38 /* Home.storyboard in Resources */,
			);
			runOnlyForDeploymentPostprocessing = 0;
		};
/* End PBXResourcesBuildPhase section */

/* Begin PBXShellScriptBuildPhase section */
		0EFE27FE8C1FC53EF72898F8 /* [CP] Embed Pods Frameworks */ = {
			isa = PBXShellScriptBuildPhase;
			buildActionMask = 2147483647;
			files = (
			);
			inputFileListPaths = (
				"${PODS_ROOT}/Target Support Files/Pods-Spark-iOS/Pods-Spark-iOS-frameworks-${CONFIGURATION}-input-files.xcfilelist",
			);
			name = "[CP] Embed Pods Frameworks";
			outputFileListPaths = (
				"${PODS_ROOT}/Target Support Files/Pods-Spark-iOS/Pods-Spark-iOS-frameworks-${CONFIGURATION}-output-files.xcfilelist",
			);
			runOnlyForDeploymentPostprocessing = 0;
			shellPath = /bin/sh;
			shellScript = "\"${PODS_ROOT}/Target Support Files/Pods-Spark-iOS/Pods-Spark-iOS-frameworks.sh\"\n";
			showEnvVarsInLog = 0;
		};
		1C3B0E5936277E4CE62680B0 /* [CP] Check Pods Manifest.lock */ = {
			isa = PBXShellScriptBuildPhase;
			buildActionMask = 2147483647;
			files = (
			);
			inputFileListPaths = (
			);
			inputPaths = (
				"${PODS_PODFILE_DIR_PATH}/Podfile.lock",
				"${PODS_ROOT}/Manifest.lock",
			);
			name = "[CP] Check Pods Manifest.lock";
			outputFileListPaths = (
			);
			outputPaths = (
				"$(DERIVED_FILE_DIR)/Pods-Spark-iOS-checkManifestLockResult.txt",
			);
			runOnlyForDeploymentPostprocessing = 0;
			shellPath = /bin/sh;
			shellScript = "diff \"${PODS_PODFILE_DIR_PATH}/Podfile.lock\" \"${PODS_ROOT}/Manifest.lock\" > /dev/null\nif [ $? != 0 ] ; then\n    # print error to STDERR\n    echo \"error: The sandbox is not in sync with the Podfile.lock. Run 'pod install' or update your CocoaPods installation.\" >&2\n    exit 1\nfi\n# This output is used by Xcode 'outputs' to avoid re-running this script phase.\necho \"SUCCESS\" > \"${SCRIPT_OUTPUT_FILE_0}\"\n";
			showEnvVarsInLog = 0;
		};
/* End PBXShellScriptBuildPhase section */

/* Begin PBXSourcesBuildPhase section */
		F8096EFC2784107D00B71D38 /* Sources */ = {
			isa = PBXSourcesBuildPhase;
			buildActionMask = 2147483647;
			files = (
				2BC1726D278E8F1000BA3029 /* UIView+.swift in Sources */,
				F8FAA9722790344D00C4190F /* HomeHabitCVC.swift in Sources */,
				2B9852072790984C00CE40A7 /* UIViewController+.swift in Sources */,
				F82B2E0B278EBC4400219628 /* UserDefaultsKey.swift in Sources */,
				EB625E91278F8E3700C43DE9 /* StorageMoreVC.swift in Sources */,
				F8096F3227841FE100B71D38 /* ViewController.swift in Sources */,
				F8096F042784107D00B71D38 /* AppDelegate.swift in Sources */,
				2B985205279031D000CE40A7 /* CreateRoomVC.swift in Sources */,
				2B69E7E5278E22F4000F927F /* FeedHeaderView.swift in Sources */,
				F80A3E55278C1C1F00728E07 /* StorageVC.swift in Sources */,
				F8096F3A2784210A00B71D38 /* TempModel.swift in Sources */,
				2B9852102790AE1500CE40A7 /* TimerAuthView.swift in Sources */,
				F8096F3C2784211D00B71D38 /* UIColor+.swift in Sources */,
				2B98520B2790AD0000CE40A7 /* CreateAuthVC.swift in Sources */,
				2B98520E2790AE0000CE40A7 /* PhotoAuthView.swift in Sources */,
				F867B6B6278F86610024B1D4 /* UINavigationController+.swift in Sources */,
				EB625E7F278F272300C43DE9 /* DoneStorageCVC.swift in Sources */,
				2B69E7E7278E28B2000F927F /* FeedCVC.swift in Sources */,
				F8096F2B27841F4100B71D38 /* Storyboard.swift in Sources */,
				2BC17270278F54DB00BA3029 /* WaitingVC.swift in Sources */,
				F8096F442784221900B71D38 /* Xib.swift in Sources */,
				EB625E8A278F29D300C43DE9 /* CarouselLayout.swift in Sources */,
				2B9C6BCE2792781F00CD914F /* GoalWritingVC.swift in Sources */,
				F80A3E4F278C18BA00728E07 /* MainTBC.swift in Sources */,
				F80A3E57278C1C2700728E07 /* FeedVC.swift in Sources */,
				2BC17277278F765C00BA3029 /* WaitingFriendCVC.swift in Sources */,
				2B9851FD278FCBF400CE40A7 /* UILabel+.swift in Sources */,
				EBA93A7D27907EF9009AE771 /* CodeJoinVC.swift in Sources */,
				F8096F36278420FA00B71D38 /* TempProtocol.swift in Sources */,
				F8096F062784107D00B71D38 /* SceneDelegate.swift in Sources */,
				EB9C507D27922F2E00588155 /* LineAnimationView.swift in Sources */,
				EB625E7B278F271400C43DE9 /* DoingStorageCVC.swift in Sources */,
				F816F125278E1C920008ED00 /* LoginVC.swift in Sources */,
				F8096F382784210000B71D38 /* TempService.swift in Sources */,
				F8096F3E2784213700B71D38 /* UIFont+.swift in Sources */,
				EB625E95278F8E7200C43DE9 /* MoreStorageCVC.swift in Sources */,
				F82B2E12278F54CD00219628 /* SplashVC.swift in Sources */,
				F8096F2927841F1E00B71D38 /* Const.swift in Sources */,
				F8096F3027841F9200B71D38 /* HomeVC.swift in Sources */,
				EBA93A7F279080E2009AE771 /* JoinCheckVC.swift in Sources */,
				EB625E8F278F8E1900C43DE9 /* StorageMoreListDataModel.swift in Sources */,
				F8096F462784247100B71D38 /* Notification.swift in Sources */,
				F8FAA9762790346000C4190F /* HomeWaitingCVC.swift in Sources */,
				EB625E87278F27F000C43DE9 /* StorageListDataModel.swift in Sources */,
				EB625E83278F273200C43DE9 /* FailStorageCVC.swift in Sources */,
			);
			runOnlyForDeploymentPostprocessing = 0;
		};
/* End PBXSourcesBuildPhase section */

/* Begin PBXVariantGroup section */
		F8096F092784107D00B71D38 /* Home.storyboard */ = {
			isa = PBXVariantGroup;
			children = (
				F8096F0A2784107D00B71D38 /* Base */,
			);
			name = Home.storyboard;
			sourceTree = "<group>";
		};
		F8096F0E2784107E00B71D38 /* LaunchScreen.storyboard */ = {
			isa = PBXVariantGroup;
			children = (
				F8096F0F2784107E00B71D38 /* Base */,
			);
			name = LaunchScreen.storyboard;
			sourceTree = "<group>";
		};
/* End PBXVariantGroup section */

/* Begin XCBuildConfiguration section */
		F8096F122784107E00B71D38 /* Debug */ = {
			isa = XCBuildConfiguration;
			buildSettings = {
				ALWAYS_SEARCH_USER_PATHS = NO;
				CLANG_ANALYZER_NONNULL = YES;
				CLANG_ANALYZER_NUMBER_OBJECT_CONVERSION = YES_AGGRESSIVE;
				CLANG_CXX_LANGUAGE_STANDARD = "gnu++17";
				CLANG_CXX_LIBRARY = "libc++";
				CLANG_ENABLE_MODULES = YES;
				CLANG_ENABLE_OBJC_ARC = YES;
				CLANG_ENABLE_OBJC_WEAK = YES;
				CLANG_WARN_BLOCK_CAPTURE_AUTORELEASING = YES;
				CLANG_WARN_BOOL_CONVERSION = YES;
				CLANG_WARN_COMMA = YES;
				CLANG_WARN_CONSTANT_CONVERSION = YES;
				CLANG_WARN_DEPRECATED_OBJC_IMPLEMENTATIONS = YES;
				CLANG_WARN_DIRECT_OBJC_ISA_USAGE = YES_ERROR;
				CLANG_WARN_DOCUMENTATION_COMMENTS = YES;
				CLANG_WARN_EMPTY_BODY = YES;
				CLANG_WARN_ENUM_CONVERSION = YES;
				CLANG_WARN_INFINITE_RECURSION = YES;
				CLANG_WARN_INT_CONVERSION = YES;
				CLANG_WARN_NON_LITERAL_NULL_CONVERSION = YES;
				CLANG_WARN_OBJC_IMPLICIT_RETAIN_SELF = YES;
				CLANG_WARN_OBJC_LITERAL_CONVERSION = YES;
				CLANG_WARN_OBJC_ROOT_CLASS = YES_ERROR;
				CLANG_WARN_QUOTED_INCLUDE_IN_FRAMEWORK_HEADER = YES;
				CLANG_WARN_RANGE_LOOP_ANALYSIS = YES;
				CLANG_WARN_STRICT_PROTOTYPES = YES;
				CLANG_WARN_SUSPICIOUS_MOVE = YES;
				CLANG_WARN_UNGUARDED_AVAILABILITY = YES_AGGRESSIVE;
				CLANG_WARN_UNREACHABLE_CODE = YES;
				CLANG_WARN__DUPLICATE_METHOD_MATCH = YES;
				COPY_PHASE_STRIP = NO;
				DEBUG_INFORMATION_FORMAT = dwarf;
				ENABLE_STRICT_OBJC_MSGSEND = YES;
				ENABLE_TESTABILITY = YES;
				GCC_C_LANGUAGE_STANDARD = gnu11;
				GCC_DYNAMIC_NO_PIC = NO;
				GCC_NO_COMMON_BLOCKS = YES;
				GCC_OPTIMIZATION_LEVEL = 0;
				GCC_PREPROCESSOR_DEFINITIONS = (
					"DEBUG=1",
					"$(inherited)",
				);
				GCC_WARN_64_TO_32_BIT_CONVERSION = YES;
				GCC_WARN_ABOUT_RETURN_TYPE = YES_ERROR;
				GCC_WARN_UNDECLARED_SELECTOR = YES;
				GCC_WARN_UNINITIALIZED_AUTOS = YES_AGGRESSIVE;
				GCC_WARN_UNUSED_FUNCTION = YES;
				GCC_WARN_UNUSED_VARIABLE = YES;
				IPHONEOS_DEPLOYMENT_TARGET = 15.0;
				MTL_ENABLE_DEBUG_INFO = INCLUDE_SOURCE;
				MTL_FAST_MATH = YES;
				ONLY_ACTIVE_ARCH = YES;
				SDKROOT = iphoneos;
				SWIFT_ACTIVE_COMPILATION_CONDITIONS = DEBUG;
				SWIFT_OPTIMIZATION_LEVEL = "-Onone";
			};
			name = Debug;
		};
		F8096F132784107E00B71D38 /* Release */ = {
			isa = XCBuildConfiguration;
			buildSettings = {
				ALWAYS_SEARCH_USER_PATHS = NO;
				CLANG_ANALYZER_NONNULL = YES;
				CLANG_ANALYZER_NUMBER_OBJECT_CONVERSION = YES_AGGRESSIVE;
				CLANG_CXX_LANGUAGE_STANDARD = "gnu++17";
				CLANG_CXX_LIBRARY = "libc++";
				CLANG_ENABLE_MODULES = YES;
				CLANG_ENABLE_OBJC_ARC = YES;
				CLANG_ENABLE_OBJC_WEAK = YES;
				CLANG_WARN_BLOCK_CAPTURE_AUTORELEASING = YES;
				CLANG_WARN_BOOL_CONVERSION = YES;
				CLANG_WARN_COMMA = YES;
				CLANG_WARN_CONSTANT_CONVERSION = YES;
				CLANG_WARN_DEPRECATED_OBJC_IMPLEMENTATIONS = YES;
				CLANG_WARN_DIRECT_OBJC_ISA_USAGE = YES_ERROR;
				CLANG_WARN_DOCUMENTATION_COMMENTS = YES;
				CLANG_WARN_EMPTY_BODY = YES;
				CLANG_WARN_ENUM_CONVERSION = YES;
				CLANG_WARN_INFINITE_RECURSION = YES;
				CLANG_WARN_INT_CONVERSION = YES;
				CLANG_WARN_NON_LITERAL_NULL_CONVERSION = YES;
				CLANG_WARN_OBJC_IMPLICIT_RETAIN_SELF = YES;
				CLANG_WARN_OBJC_LITERAL_CONVERSION = YES;
				CLANG_WARN_OBJC_ROOT_CLASS = YES_ERROR;
				CLANG_WARN_QUOTED_INCLUDE_IN_FRAMEWORK_HEADER = YES;
				CLANG_WARN_RANGE_LOOP_ANALYSIS = YES;
				CLANG_WARN_STRICT_PROTOTYPES = YES;
				CLANG_WARN_SUSPICIOUS_MOVE = YES;
				CLANG_WARN_UNGUARDED_AVAILABILITY = YES_AGGRESSIVE;
				CLANG_WARN_UNREACHABLE_CODE = YES;
				CLANG_WARN__DUPLICATE_METHOD_MATCH = YES;
				COPY_PHASE_STRIP = NO;
				DEBUG_INFORMATION_FORMAT = "dwarf-with-dsym";
				ENABLE_NS_ASSERTIONS = NO;
				ENABLE_STRICT_OBJC_MSGSEND = YES;
				GCC_C_LANGUAGE_STANDARD = gnu11;
				GCC_NO_COMMON_BLOCKS = YES;
				GCC_WARN_64_TO_32_BIT_CONVERSION = YES;
				GCC_WARN_ABOUT_RETURN_TYPE = YES_ERROR;
				GCC_WARN_UNDECLARED_SELECTOR = YES;
				GCC_WARN_UNINITIALIZED_AUTOS = YES_AGGRESSIVE;
				GCC_WARN_UNUSED_FUNCTION = YES;
				GCC_WARN_UNUSED_VARIABLE = YES;
				IPHONEOS_DEPLOYMENT_TARGET = 15.0;
				MTL_ENABLE_DEBUG_INFO = NO;
				MTL_FAST_MATH = YES;
				SDKROOT = iphoneos;
				SWIFT_COMPILATION_MODE = wholemodule;
				SWIFT_OPTIMIZATION_LEVEL = "-O";
				VALIDATE_PRODUCT = YES;
			};
			name = Release;
		};
		F8096F152784107E00B71D38 /* Debug */ = {
			isa = XCBuildConfiguration;
			baseConfigurationReference = C35EB7FFC7E2CF05E63983A7 /* Pods-Spark-iOS.debug.xcconfig */;
			buildSettings = {
				ASSETCATALOG_COMPILER_APPICON_NAME = AppIcon;
				ASSETCATALOG_COMPILER_GLOBAL_ACCENT_COLOR_NAME = AccentColor;
				CODE_SIGN_ENTITLEMENTS = "Spark-iOS/Spark-iOS.entitlements";
				CODE_SIGN_IDENTITY = "Apple Development";
				CODE_SIGN_STYLE = Automatic;
				CURRENT_PROJECT_VERSION = 1;
				DEVELOPMENT_TEAM = T8C9SSEX5G;
				GENERATE_INFOPLIST_FILE = YES;
				INFOPLIST_FILE = "Spark-iOS/Resource/Info.plist";
				INFOPLIST_KEY_CFBundleDisplayName = Spark;
				INFOPLIST_KEY_UIApplicationSupportsIndirectInputEvents = YES;
				INFOPLIST_KEY_UILaunchStoryboardName = LaunchScreen;
				INFOPLIST_KEY_UISupportedInterfaceOrientations = UIInterfaceOrientationPortrait;
				INFOPLIST_KEY_UISupportedInterfaceOrientations_iPad = "UIInterfaceOrientationPortrait UIInterfaceOrientationPortraitUpsideDown UIInterfaceOrientationLandscapeLeft UIInterfaceOrientationLandscapeRight";
				INFOPLIST_KEY_UISupportedInterfaceOrientations_iPhone = "UIInterfaceOrientationPortrait UIInterfaceOrientationLandscapeLeft UIInterfaceOrientationLandscapeRight";
				IPHONEOS_DEPLOYMENT_TARGET = 14.5;
				LD_RUNPATH_SEARCH_PATHS = (
					"$(inherited)",
					"@executable_path/Frameworks",
				);
				MARKETING_VERSION = 1.0.0;
				PRODUCT_BUNDLE_IDENTIFIER = com.TeamSparker.Spark;
				PRODUCT_NAME = "$(TARGET_NAME)";
				PROVISIONING_PROFILE_SPECIFIER = "";
				SWIFT_EMIT_LOC_STRINGS = YES;
				SWIFT_VERSION = 5.0;
				TARGETED_DEVICE_FAMILY = 1;
			};
			name = Debug;
		};
		F8096F162784107E00B71D38 /* Release */ = {
			isa = XCBuildConfiguration;
			baseConfigurationReference = 3F3E6E986D8C9F3A27A30253 /* Pods-Spark-iOS.release.xcconfig */;
			buildSettings = {
				ASSETCATALOG_COMPILER_APPICON_NAME = AppIcon;
				ASSETCATALOG_COMPILER_GLOBAL_ACCENT_COLOR_NAME = AccentColor;
				CODE_SIGN_ENTITLEMENTS = "Spark-iOS/Spark-iOS.entitlements";
				CODE_SIGN_IDENTITY = "Apple Development";
				CODE_SIGN_STYLE = Automatic;
				CURRENT_PROJECT_VERSION = 1;
				DEVELOPMENT_TEAM = T8C9SSEX5G;
				GENERATE_INFOPLIST_FILE = YES;
				INFOPLIST_FILE = "Spark-iOS/Resource/Info.plist";
				INFOPLIST_KEY_CFBundleDisplayName = Spark;
				INFOPLIST_KEY_UIApplicationSupportsIndirectInputEvents = YES;
				INFOPLIST_KEY_UILaunchStoryboardName = LaunchScreen;
				INFOPLIST_KEY_UISupportedInterfaceOrientations = UIInterfaceOrientationPortrait;
				INFOPLIST_KEY_UISupportedInterfaceOrientations_iPad = "UIInterfaceOrientationPortrait UIInterfaceOrientationPortraitUpsideDown UIInterfaceOrientationLandscapeLeft UIInterfaceOrientationLandscapeRight";
				INFOPLIST_KEY_UISupportedInterfaceOrientations_iPhone = "UIInterfaceOrientationPortrait UIInterfaceOrientationLandscapeLeft UIInterfaceOrientationLandscapeRight";
				IPHONEOS_DEPLOYMENT_TARGET = 14.5;
				LD_RUNPATH_SEARCH_PATHS = (
					"$(inherited)",
					"@executable_path/Frameworks",
				);
				MARKETING_VERSION = 1.0.0;
				PRODUCT_BUNDLE_IDENTIFIER = com.TeamSparker.Spark;
				PRODUCT_NAME = "$(TARGET_NAME)";
				PROVISIONING_PROFILE_SPECIFIER = "";
				SWIFT_EMIT_LOC_STRINGS = YES;
				SWIFT_VERSION = 5.0;
				TARGETED_DEVICE_FAMILY = 1;
			};
			name = Release;
		};
/* End XCBuildConfiguration section */

/* Begin XCConfigurationList section */
		F8096EFB2784107D00B71D38 /* Build configuration list for PBXProject "Spark-iOS" */ = {
			isa = XCConfigurationList;
			buildConfigurations = (
				F8096F122784107E00B71D38 /* Debug */,
				F8096F132784107E00B71D38 /* Release */,
			);
			defaultConfigurationIsVisible = 0;
			defaultConfigurationName = Release;
		};
		F8096F142784107E00B71D38 /* Build configuration list for PBXNativeTarget "Spark-iOS" */ = {
			isa = XCConfigurationList;
			buildConfigurations = (
				F8096F152784107E00B71D38 /* Debug */,
				F8096F162784107E00B71D38 /* Release */,
			);
			defaultConfigurationIsVisible = 0;
			defaultConfigurationName = Release;
		};
/* End XCConfigurationList section */
	};
	rootObject = F8096EF82784107D00B71D38 /* Project object */;
}
